
Microsoft Visual Studio Solution File, Format Version 12.00
# Visual Studio Version 16
VisualStudioVersion = 16.0.31729.503
MinimumVisualStudioVersion = 10.0.40219.1
Project("{2150E333-8FDC-42A3-9474-1A3956D46DE8}") = "Samples", "Samples", "{C11D5431-2DDE-CF67-F618-19E562981444}"
EndProject
Project("{8BC9CEB8-8B4A-11D0-8D11-00A0C91BC942}") = "Test", "Samples\Test\Test.vcxproj", "{45DC8C7C-3113-8E0D-DAFF-7310C6150A0F}"
	ProjectSection(ProjectDependencies) = postProject
		{E00FA80F-4C24-D0C0-15A6-73208179CCF1} = {E00FA80F-4C24-D0C0-15A6-73208179CCF1}
		{C5617036-D0CB-37E2-B9F2-730453C98988} = {C5617036-D0CB-37E2-B9F2-730453C98988}
		{2DD79675-9941-4BEC-E27F-FC914E292941} = {2DD79675-9941-4BEC-E27F-FC914E292941}
	EndProjectSection
EndProject
Project("{8BC9CEB8-8B4A-11D0-8D11-00A0C91BC942}") = "AnimationTest", "Samples\AnimationTest\AnimationTest.vcxproj", "{C525B6D6-31E6-310D-FA20-7B8A66A076E9}"
	ProjectSection(ProjectDependencies) = postProject
		{E00FA80F-4C24-D0C0-15A6-73208179CCF1} = {E00FA80F-4C24-D0C0-15A6-73208179CCF1}
		{C5617036-D0CB-37E2-B9F2-730453C98988} = {C5617036-D0CB-37E2-B9F2-730453C98988}
		{2DD79675-9941-4BEC-E27F-FC914E292941} = {2DD79675-9941-4BEC-E27F-FC914E292941}
	EndProjectSection
EndProject
Project("{8BC9CEB8-8B4A-11D0-8D11-00A0C91BC942}") = "GeoSpatialData", "Samples\GeoSpatialData\GeoSpatialData.vcxproj", "{885894B4-7426-88BA-5DBA-F8E04927641F}"
	ProjectSection(ProjectDependencies) = postProject
		{E00FA80F-4C24-D0C0-15A6-73208179CCF1} = {E00FA80F-4C24-D0C0-15A6-73208179CCF1}
		{C5617036-D0CB-37E2-B9F2-730453C98988} = {C5617036-D0CB-37E2-B9F2-730453C98988}
		{2DD79675-9941-4BEC-E27F-FC914E292941} = {2DD79675-9941-4BEC-E27F-FC914E292941}
	EndProjectSection
EndProject
Project("{8BC9CEB8-8B4A-11D0-8D11-00A0C91BC942}") = "Model", "Samples\Model\Model.vcxproj", "{D6F3AE0D-4208-D7BE-0B8A-7A1E775DD3EF}"
	ProjectSection(ProjectDependencies) = postProject
		{E00FA80F-4C24-D0C0-15A6-73208179CCF1} = {E00FA80F-4C24-D0C0-15A6-73208179CCF1}
		{C5617036-D0CB-37E2-B9F2-730453C98988} = {C5617036-D0CB-37E2-B9F2-730453C98988}
		{2DD79675-9941-4BEC-E27F-FC914E292941} = {2DD79675-9941-4BEC-E27F-FC914E292941}
	EndProjectSection
EndProject
Project("{8BC9CEB8-8B4A-11D0-8D11-00A0C91BC942}") = "Planets", "Samples\Planets\Planets.vcxproj", "{3C15F914-A8F4-77B0-B10C-03871D6BDE11}"
	ProjectSection(ProjectDependencies) = postProject
		{E00FA80F-4C24-D0C0-15A6-73208179CCF1} = {E00FA80F-4C24-D0C0-15A6-73208179CCF1}
		{C5617036-D0CB-37E2-B9F2-730453C98988} = {C5617036-D0CB-37E2-B9F2-730453C98988}
		{2DD79675-9941-4BEC-E27F-FC914E292941} = {2DD79675-9941-4BEC-E27F-FC914E292941}
	EndProjectSection
EndProject
Project("{8BC9CEB8-8B4A-11D0-8D11-00A0C91BC942}") = "RandomStuffTest", "Samples\RandomStuffTest\RandomStuffTest.vcxproj", "{8EBFD314-FA4A-41D9-035C-C4CD6F669DD9}"
	ProjectSection(ProjectDependencies) = postProject
		{E00FA80F-4C24-D0C0-15A6-73208179CCF1} = {E00FA80F-4C24-D0C0-15A6-73208179CCF1}
		{C5617036-D0CB-37E2-B9F2-730453C98988} = {C5617036-D0CB-37E2-B9F2-730453C98988}
		{2DD79675-9941-4BEC-E27F-FC914E292941} = {2DD79675-9941-4BEC-E27F-FC914E292941}
	EndProjectSection
EndProject
Project("{8BC9CEB8-8B4A-11D0-8D11-00A0C91BC942}") = "RenderStressTest", "Samples\RenderStressTest\RenderStressTest.vcxproj", "{890B72FC-7504-914E-9E36-76D38A8E705A}"
	ProjectSection(ProjectDependencies) = postProject
		{E00FA80F-4C24-D0C0-15A6-73208179CCF1} = {E00FA80F-4C24-D0C0-15A6-73208179CCF1}
		{C5617036-D0CB-37E2-B9F2-730453C98988} = {C5617036-D0CB-37E2-B9F2-730453C98988}
		{2DD79675-9941-4BEC-E27F-FC914E292941} = {2DD79675-9941-4BEC-E27F-FC914E292941}
	EndProjectSection
EndProject
Project("{8BC9CEB8-8B4A-11D0-8D11-00A0C91BC942}") = "snakeGame", "Samples\snakeGame\snakeGame.vcxproj", "{110C02F6-7D76-B66C-C6B4-6712325E94C1}"
	ProjectSection(ProjectDependencies) = postProject
		{E00FA80F-4C24-D0C0-15A6-73208179CCF1} = {E00FA80F-4C24-D0C0-15A6-73208179CCF1}
		{C5617036-D0CB-37E2-B9F2-730453C98988} = {C5617036-D0CB-37E2-B9F2-730453C98988}
		{2DD79675-9941-4BEC-E27F-FC914E292941} = {2DD79675-9941-4BEC-E27F-FC914E292941}
	EndProjectSection
EndProject
Project("{8BC9CEB8-8B4A-11D0-8D11-00A0C91BC942}") = "AkameCore", "AkameCore\AkameCore.vcxproj", "{2DD79675-9941-4BEC-E27F-FC914E292941}"
	ProjectSection(ProjectDependencies) = postProject
		{C51A6657-31DB-E18D-FA15-2B0B6695266A} = {C51A6657-31DB-E18D-FA15-2B0B6695266A}
		{60E1870B-CCEA-877C-5566-9E7CC16E937C} = {60E1870B-CCEA-877C-5566-9E7CC16E937C}
	EndProjectSection
EndProject
Project("{8BC9CEB8-8B4A-11D0-8D11-00A0C91BC942}") = "AkameEngine", "Akame\AkameEngine.vcxproj", "{9AA63B3B-065C-B430-8F50-AE07FB04AB34}"
	ProjectSection(ProjectDependencies) = postProject
		{E00FA80F-4C24-D0C0-15A6-73208179CCF1} = {E00FA80F-4C24-D0C0-15A6-73208179CCF1}
		{C5617036-D0CB-37E2-B9F2-730453C98988} = {C5617036-D0CB-37E2-B9F2-730453C98988}
		{2DD79675-9941-4BEC-E27F-FC914E292941} = {2DD79675-9941-4BEC-E27F-FC914E292941}
	EndProjectSection
EndProject
Project("{2150E333-8FDC-42A3-9474-1A3956D46DE8}") = "Dependencies", "Dependencies", "{53E47842-3FC8-3998-A828-34EB942B241A}"
EndProject
Project("{8BC9CEB8-8B4A-11D0-8D11-00A0C91BC942}") = "ALL_BUILD_DEP", "AkameCore\vendor\ALL_BUILD_DEP.vcxproj", "{C51A6657-31DB-E18D-FA15-2B0B6695266A}"
	ProjectSection(ProjectDependencies) = postProject
		{88DC32CA-F467-A08E-FD78-23836983FC8E} = {88DC32CA-F467-A08E-FD78-23836983FC8E}
		{B9A354EE-A59C-7340-CECE-58C5BA26534C} = {B9A354EE-A59C-7340-CECE-58C5BA26534C}
		{C5617036-D0CB-37E2-B9F2-730453C98988} = {C5617036-D0CB-37E2-B9F2-730453C98988}
		{E00FA80F-4C24-D0C0-15A6-73208179CCF1} = {E00FA80F-4C24-D0C0-15A6-73208179CCF1}
		{0B40A9C9-771F-2865-8037-B33BEC958EC6} = {0B40A9C9-771F-2865-8037-B33BEC958EC6}
	EndProjectSection
EndProject
Project("{2150E333-8FDC-42A3-9474-1A3956D46DE8}") = "Assimp", "Assimp", "{EFBF5AC8-5B82-8E52-A432-1DDF10346730}"
EndProject
Project("{8BC9CEB8-8B4A-11D0-8D11-00A0C91BC942}") = "ALL_BUILD_ASSIMP", "AkameCore\vendor\PhysX\physx\compiler\vc16win64\sdk_source_bin\ALL_BUILD_ASSIMP.vcxproj", "{B9A354EE-A59C-7340-CECE-58C5BA26534C}"
	ProjectSection(ProjectDependencies) = postProject
		{FA514F76-9159-3214-A6FB-BF1333CFA899} = {FA514F76-9159-3214-A6FB-BF1333CFA899}
		{A2892118-9E33-3EFF-8AA9-2A96502918B4} = {A2892118-9E33-3EFF-8AA9-2A96502918B4}
	EndProjectSection
EndProject
Project("{8BC9CEB8-8B4A-11D0-8D11-00A0C91BC942}") = "assimp", "AkameCore\vendor\assimp\code\assimp.vcxproj", "{FA514F76-9159-3214-A6FB-BF1333CFA899}"
EndProject
Project("{8BC9CEB8-8B4A-11D0-8D11-00A0C91BC942}") = "zlibstatic", "AkameCore\vendor\assimp\contrib\zlib\zlibstatic.vcxproj", "{A2892118-9E33-3EFF-8AA9-2A96502918B4}"
EndProject
Project("{2150E333-8FDC-42A3-9474-1A3956D46DE8}") = "Physx", "Physx", "{DECD3A83-CAF2-8903-F33D-6F93DFC18821}"
EndProject
Project("{8BC9CEB8-8B4A-11D0-8D11-00A0C91BC942}") = "ALL_BUILD_PHYSX", "AkameCore\vendor\PhysX\physx\compiler\vc16win64\sdk_source_bin\ALL_BUILD_PHYSX.vcxproj", "{88DC32CA-F467-A08E-FD78-23836983FC8E}"
	ProjectSection(ProjectDependencies) = postProject
		{18B9367C-C9F9-3752-9CEC-F17FD058FF3B} = {18B9367C-C9F9-3752-9CEC-F17FD058FF3B}
		{97FC3CA4-5564-3096-9735-4D71AD331FCF} = {97FC3CA4-5564-3096-9735-4D71AD331FCF}
		{6DF03B4E-08A1-3FDA-B14D-CB495F7F7E94} = {6DF03B4E-08A1-3FDA-B14D-CB495F7F7E94}
		{4F0E70AA-E0EA-3032-8B1F-2973DB0C4348} = {4F0E70AA-E0EA-3032-8B1F-2973DB0C4348}
		{26E5C600-2706-39E2-8393-6A754CC77516} = {26E5C600-2706-39E2-8393-6A754CC77516}
		{8397A0F1-77C5-3156-B47D-A35629FF8F83} = {8397A0F1-77C5-3156-B47D-A35629FF8F83}
		{3E2A98FE-D264-30CD-A3B6-0B10519B0B97} = {3E2A98FE-D264-30CD-A3B6-0B10519B0B97}
		{76306D02-B661-3F3F-86A9-CDBA93A5FEAD} = {76306D02-B661-3F3F-86A9-CDBA93A5FEAD}
		{2A21BD22-CC64-302B-BEF8-0FFD31AFC364} = {2A21BD22-CC64-302B-BEF8-0FFD31AFC364}
		{ED440137-ABBE-32D2-91C0-F72680E9963E} = {ED440137-ABBE-32D2-91C0-F72680E9963E}
		{6B7CA323-2A73-3CDF-8CE6-8A7F66E1D202} = {6B7CA323-2A73-3CDF-8CE6-8A7F66E1D202}
		{9B20F433-8976-39EA-945D-D7C8F61D782D} = {9B20F433-8976-39EA-945D-D7C8F61D782D}
		{41A3BF0A-C26B-37FA-BAC1-2F64654B0972} = {41A3BF0A-C26B-37FA-BAC1-2F64654B0972}
		{9808146A-D4C4-342A-939B-06A1AA1FC3A3} = {9808146A-D4C4-342A-939B-06A1AA1FC3A3}
		{21470C57-E97D-37C8-B631-5732D2311E36} = {21470C57-E97D-37C8-B631-5732D2311E36}
	EndProjectSection
EndProject
Project("{8BC9CEB8-8B4A-11D0-8D11-00A0C91BC942}") = "FastXml", "AkameCore\vendor\PhysX\physx\compiler\vc16win64\sdk_source_bin\FastXml.vcxproj", "{18B9367C-C9F9-3752-9CEC-F17FD058FF3B}"
EndProject
Project("{8BC9CEB8-8B4A-11D0-8D11-00A0C91BC942}") = "LowLevel", "AkameCore\vendor\PhysX\physx\compiler\vc16win64\sdk_source_bin\LowLevel.vcxproj", "{97FC3CA4-5564-3096-9735-4D71AD331FCF}"
EndProject
Project("{8BC9CEB8-8B4A-11D0-8D11-00A0C91BC942}") = "LowLevelAABB", "AkameCore\vendor\PhysX\physx\compiler\vc16win64\sdk_source_bin\LowLevelAABB.vcxproj", "{6DF03B4E-08A1-3FDA-B14D-CB495F7F7E94}"
EndProject
Project("{8BC9CEB8-8B4A-11D0-8D11-00A0C91BC942}") = "LowLevelDynamics", "AkameCore\vendor\PhysX\physx\compiler\vc16win64\sdk_source_bin\LowLevelDynamics.vcxproj", "{4F0E70AA-E0EA-3032-8B1F-2973DB0C4348}"
EndProject
Project("{8BC9CEB8-8B4A-11D0-8D11-00A0C91BC942}") = "PhysX", "AkameCore\vendor\PhysX\physx\compiler\vc16win64\sdk_source_bin\PhysX.vcxproj", "{26E5C600-2706-39E2-8393-6A754CC77516}"
EndProject
Project("{8BC9CEB8-8B4A-11D0-8D11-00A0C91BC942}") = "PhysXCharacterKinematic", "AkameCore\vendor\PhysX\physx\compiler\vc16win64\sdk_source_bin\PhysXCharacterKinematic.vcxproj", "{8397A0F1-77C5-3156-B47D-A35629FF8F83}"
EndProject
Project("{8BC9CEB8-8B4A-11D0-8D11-00A0C91BC942}") = "PhysXCommon", "AkameCore\vendor\PhysX\physx\compiler\vc16win64\sdk_source_bin\PhysXCommon.vcxproj", "{3E2A98FE-D264-30CD-A3B6-0B10519B0B97}"
EndProject
Project("{8BC9CEB8-8B4A-11D0-8D11-00A0C91BC942}") = "PhysXCooking", "AkameCore\vendor\PhysX\physx\compiler\vc16win64\sdk_source_bin\PhysXCooking.vcxproj", "{76306D02-B661-3F3F-86A9-CDBA93A5FEAD}"
EndProject
Project("{8BC9CEB8-8B4A-11D0-8D11-00A0C91BC942}") = "PhysXExtensions", "AkameCore\vendor\PhysX\physx\compiler\vc16win64\sdk_source_bin\PhysXExtensions.vcxproj", "{2A21BD22-CC64-302B-BEF8-0FFD31AFC364}"
EndProject
Project("{8BC9CEB8-8B4A-11D0-8D11-00A0C91BC942}") = "PhysXFoundation", "AkameCore\vendor\PhysX\physx\compiler\vc16win64\sdk_source_bin\PhysXFoundation.vcxproj", "{ED440137-ABBE-32D2-91C0-F72680E9963E}"
EndProject
Project("{8BC9CEB8-8B4A-11D0-8D11-00A0C91BC942}") = "PhysXPvdSDK", "AkameCore\vendor\PhysX\physx\compiler\vc16win64\sdk_source_bin\PhysXPvdSDK.vcxproj", "{6B7CA323-2A73-3CDF-8CE6-8A7F66E1D202}"
EndProject
Project("{8BC9CEB8-8B4A-11D0-8D11-00A0C91BC942}") = "PhysXTask", "AkameCore\vendor\PhysX\physx\compiler\vc16win64\sdk_source_bin\PhysXTask.vcxproj", "{9B20F433-8976-39EA-945D-D7C8F61D782D}"
EndProject
Project("{8BC9CEB8-8B4A-11D0-8D11-00A0C91BC942}") = "PhysXVehicle", "AkameCore\vendor\PhysX\physx\compiler\vc16win64\sdk_source_bin\PhysXVehicle.vcxproj", "{41A3BF0A-C26B-37FA-BAC1-2F64654B0972}"
EndProject
Project("{8BC9CEB8-8B4A-11D0-8D11-00A0C91BC942}") = "SceneQuery", "AkameCore\vendor\PhysX\physx\compiler\vc16win64\sdk_source_bin\SceneQuery.vcxproj", "{9808146A-D4C4-342A-939B-06A1AA1FC3A3}"
EndProject
Project("{8BC9CEB8-8B4A-11D0-8D11-00A0C91BC942}") = "SimulationController", "AkameCore\vendor\PhysX\physx\compiler\vc16win64\sdk_source_bin\SimulationController.vcxproj", "{21470C57-E97D-37C8-B631-5732D2311E36}"
EndProject
Project("{8BC9CEB8-8B4A-11D0-8D11-00A0C91BC942}") = "glfw", "AkameCore\vendor\glfw\src\glfw.vcxproj", "{C5617036-D0CB-37E2-B9F2-730453C98988}"
EndProject
Project("{8BC9CEB8-8B4A-11D0-8D11-00A0C91BC942}") = "imGui", "AkameCore\vendor\imGui\imGui.vcxproj", "{E00FA80F-4C24-D0C0-15A6-73208179CCF1}"
	ProjectSection(ProjectDependencies) = postProject
		{C5617036-D0CB-37E2-B9F2-730453C98988} = {C5617036-D0CB-37E2-B9F2-730453C98988}
	EndProjectSection
EndProject
Project("{2150E333-8FDC-42A3-9474-1A3956D46DE8}") = "pugixml", "pugixml", "{483F75F9-344F-21CA-9D08-86E889371063}"
EndProject
Project("{8BC9CEB8-8B4A-11D0-8D11-00A0C91BC942}") = "pugixml", "AkameCore\vendor\pugixml\src\pugixml.vcxproj", "{0B40A9C9-771F-2865-8037-B33BEC958EC6}"
EndProject
Project("{8BC9CEB8-8B4A-11D0-8D11-00A0C91BC942}") = "ECS", "ECS\ECS.vcxproj", "{60E1870B-CCEA-877C-5566-9E7CC16E937C}"
EndProject
Project("{2150E333-8FDC-42A3-9474-1A3956D46DE8}") = "tools", "tools", "{FD47AE19-69FD-260F-F2F1-20E65EA61D13}"
EndProject
Project("{8BC9CEB8-8B4A-11D0-8D11-00A0C91BC942}") = "Akame3DExporter", "tools\AkameExporter\Akame3DExporter.vcxproj", "{F4B2E3E9-603E-51AE-694F-D4A2D559ADAE}"
	ProjectSection(ProjectDependencies) = postProject
		{E00FA80F-4C24-D0C0-15A6-73208179CCF1} = {E00FA80F-4C24-D0C0-15A6-73208179CCF1}
		{C5617036-D0CB-37E2-B9F2-730453C98988} = {C5617036-D0CB-37E2-B9F2-730453C98988}
		{2DD79675-9941-4BEC-E27F-FC914E292941} = {2DD79675-9941-4BEC-E27F-FC914E292941}
		{FA514F76-9159-3214-A6FB-BF1333CFA899} = {FA514F76-9159-3214-A6FB-BF1333CFA899}
	EndProjectSection
EndProject
Global
	GlobalSection(SolutionConfigurationPlatforms) = preSolution
		Debug|x64 = Debug|x64
		Release|x64 = Release|x64
	EndGlobalSection
	GlobalSection(ProjectConfigurationPlatforms) = postSolution
		{45DC8C7C-3113-8E0D-DAFF-7310C6150A0F}.Debug|x64.ActiveCfg = Debug|x64
		{45DC8C7C-3113-8E0D-DAFF-7310C6150A0F}.Debug|x64.Build.0 = Debug|x64
		{45DC8C7C-3113-8E0D-DAFF-7310C6150A0F}.Release|x64.ActiveCfg = Release|x64
		{45DC8C7C-3113-8E0D-DAFF-7310C6150A0F}.Release|x64.Build.0 = Release|x64
		{C525B6D6-31E6-310D-FA20-7B8A66A076E9}.Debug|x64.ActiveCfg = Debug|x64
		{C525B6D6-31E6-310D-FA20-7B8A66A076E9}.Debug|x64.Build.0 = Debug|x64
		{C525B6D6-31E6-310D-FA20-7B8A66A076E9}.Release|x64.ActiveCfg = Release|x64
		{C525B6D6-31E6-310D-FA20-7B8A66A076E9}.Release|x64.Build.0 = Release|x64
		{885894B4-7426-88BA-5DBA-F8E04927641F}.Debug|x64.ActiveCfg = Debug|x64
		{885894B4-7426-88BA-5DBA-F8E04927641F}.Debug|x64.Build.0 = Debug|x64
		{885894B4-7426-88BA-5DBA-F8E04927641F}.Release|x64.ActiveCfg = Release|x64
		{885894B4-7426-88BA-5DBA-F8E04927641F}.Release|x64.Build.0 = Release|x64
		{D6F3AE0D-4208-D7BE-0B8A-7A1E775DD3EF}.Debug|x64.ActiveCfg = Debug|x64
		{D6F3AE0D-4208-D7BE-0B8A-7A1E775DD3EF}.Debug|x64.Build.0 = Debug|x64
		{D6F3AE0D-4208-D7BE-0B8A-7A1E775DD3EF}.Release|x64.ActiveCfg = Release|x64
		{D6F3AE0D-4208-D7BE-0B8A-7A1E775DD3EF}.Release|x64.Build.0 = Release|x64
		{3C15F914-A8F4-77B0-B10C-03871D6BDE11}.Debug|x64.ActiveCfg = Debug|x64
		{3C15F914-A8F4-77B0-B10C-03871D6BDE11}.Debug|x64.Build.0 = Debug|x64
		{3C15F914-A8F4-77B0-B10C-03871D6BDE11}.Release|x64.ActiveCfg = Release|x64
		{3C15F914-A8F4-77B0-B10C-03871D6BDE11}.Release|x64.Build.0 = Release|x64
		{8EBFD314-FA4A-41D9-035C-C4CD6F669DD9}.Debug|x64.ActiveCfg = Debug|x64
		{8EBFD314-FA4A-41D9-035C-C4CD6F669DD9}.Debug|x64.Build.0 = Debug|x64
		{8EBFD314-FA4A-41D9-035C-C4CD6F669DD9}.Release|x64.ActiveCfg = Release|x64
		{8EBFD314-FA4A-41D9-035C-C4CD6F669DD9}.Release|x64.Build.0 = Release|x64
		{890B72FC-7504-914E-9E36-76D38A8E705A}.Debug|x64.ActiveCfg = Debug|x64
		{890B72FC-7504-914E-9E36-76D38A8E705A}.Debug|x64.Build.0 = Debug|x64
		{890B72FC-7504-914E-9E36-76D38A8E705A}.Release|x64.ActiveCfg = Release|x64
		{890B72FC-7504-914E-9E36-76D38A8E705A}.Release|x64.Build.0 = Release|x64
		{110C02F6-7D76-B66C-C6B4-6712325E94C1}.Debug|x64.ActiveCfg = Debug|x64
		{110C02F6-7D76-B66C-C6B4-6712325E94C1}.Debug|x64.Build.0 = Debug|x64
		{110C02F6-7D76-B66C-C6B4-6712325E94C1}.Release|x64.ActiveCfg = Release|x64
		{110C02F6-7D76-B66C-C6B4-6712325E94C1}.Release|x64.Build.0 = Release|x64
		{2DD79675-9941-4BEC-E27F-FC914E292941}.Debug|x64.ActiveCfg = Debug|x64
		{2DD79675-9941-4BEC-E27F-FC914E292941}.Debug|x64.Build.0 = Debug|x64
		{2DD79675-9941-4BEC-E27F-FC914E292941}.Release|x64.ActiveCfg = Release|x64
		{2DD79675-9941-4BEC-E27F-FC914E292941}.Release|x64.Build.0 = Release|x64
		{9AA63B3B-065C-B430-8F50-AE07FB04AB34}.Debug|x64.ActiveCfg = Debug|x64
		{9AA63B3B-065C-B430-8F50-AE07FB04AB34}.Debug|x64.Build.0 = Debug|x64
		{9AA63B3B-065C-B430-8F50-AE07FB04AB34}.Release|x64.ActiveCfg = Release|x64
		{9AA63B3B-065C-B430-8F50-AE07FB04AB34}.Release|x64.Build.0 = Release|x64
		{C51A6657-31DB-E18D-FA15-2B0B6695266A}.Debug|x64.ActiveCfg = Debug|x64
		{C51A6657-31DB-E18D-FA15-2B0B6695266A}.Debug|x64.Build.0 = Debug|x64
		{C51A6657-31DB-E18D-FA15-2B0B6695266A}.Release|x64.ActiveCfg = Release|x64
		{C51A6657-31DB-E18D-FA15-2B0B6695266A}.Release|x64.Build.0 = Release|x64
		{B9A354EE-A59C-7340-CECE-58C5BA26534C}.Debug|x64.ActiveCfg = Debug|x64
		{B9A354EE-A59C-7340-CECE-58C5BA26534C}.Debug|x64.Build.0 = Debug|x64
		{B9A354EE-A59C-7340-CECE-58C5BA26534C}.Release|x64.ActiveCfg = Release|x64
		{B9A354EE-A59C-7340-CECE-58C5BA26534C}.Release|x64.Build.0 = Release|x64
		{FA514F76-9159-3214-A6FB-BF1333CFA899}.Debug|x64.ActiveCfg = Debug|x64
		{FA514F76-9159-3214-A6FB-BF1333CFA899}.Debug|x64.Build.0 = Debug|x64
		{FA514F76-9159-3214-A6FB-BF1333CFA899}.Release|x64.ActiveCfg = Release|x64
		{FA514F76-9159-3214-A6FB-BF1333CFA899}.Release|x64.Build.0 = Release|x64
		{A2892118-9E33-3EFF-8AA9-2A96502918B4}.Debug|x64.ActiveCfg = Debug|x64
		{A2892118-9E33-3EFF-8AA9-2A96502918B4}.Debug|x64.Build.0 = Debug|x64
		{A2892118-9E33-3EFF-8AA9-2A96502918B4}.Release|x64.ActiveCfg = Release|x64
		{A2892118-9E33-3EFF-8AA9-2A96502918B4}.Release|x64.Build.0 = Release|x64
		{88DC32CA-F467-A08E-FD78-23836983FC8E}.Debug|x64.ActiveCfg = Debug|x64
		{88DC32CA-F467-A08E-FD78-23836983FC8E}.Debug|x64.Build.0 = Debug|x64
		{88DC32CA-F467-A08E-FD78-23836983FC8E}.Release|x64.ActiveCfg = Release|x64
		{88DC32CA-F467-A08E-FD78-23836983FC8E}.Release|x64.Build.0 = Release|x64
		{18B9367C-C9F9-3752-9CEC-F17FD058FF3B}.Debug|x64.ActiveCfg = Debug|x64
		{18B9367C-C9F9-3752-9CEC-F17FD058FF3B}.Debug|x64.Build.0 = Debug|x64
		{18B9367C-C9F9-3752-9CEC-F17FD058FF3B}.Release|x64.ActiveCfg = Release|x64
		{18B9367C-C9F9-3752-9CEC-F17FD058FF3B}.Release|x64.Build.0 = Release|x64
		{97FC3CA4-5564-3096-9735-4D71AD331FCF}.Debug|x64.ActiveCfg = Debug|x64
		{97FC3CA4-5564-3096-9735-4D71AD331FCF}.Debug|x64.Build.0 = Debug|x64
		{97FC3CA4-5564-3096-9735-4D71AD331FCF}.Release|x64.ActiveCfg = Release|x64
		{97FC3CA4-5564-3096-9735-4D71AD331FCF}.Release|x64.Build.0 = Release|x64
		{6DF03B4E-08A1-3FDA-B14D-CB495F7F7E94}.Debug|x64.ActiveCfg = Debug|x64
		{6DF03B4E-08A1-3FDA-B14D-CB495F7F7E94}.Debug|x64.Build.0 = Debug|x64
		{6DF03B4E-08A1-3FDA-B14D-CB495F7F7E94}.Release|x64.ActiveCfg = Release|x64
		{6DF03B4E-08A1-3FDA-B14D-CB495F7F7E94}.Release|x64.Build.0 = Release|x64
		{4F0E70AA-E0EA-3032-8B1F-2973DB0C4348}.Debug|x64.ActiveCfg = Debug|x64
		{4F0E70AA-E0EA-3032-8B1F-2973DB0C4348}.Debug|x64.Build.0 = Debug|x64
		{4F0E70AA-E0EA-3032-8B1F-2973DB0C4348}.Release|x64.ActiveCfg = Release|x64
		{4F0E70AA-E0EA-3032-8B1F-2973DB0C4348}.Release|x64.Build.0 = Release|x64
		{26E5C600-2706-39E2-8393-6A754CC77516}.Debug|x64.ActiveCfg = Debug|x64
		{26E5C600-2706-39E2-8393-6A754CC77516}.Debug|x64.Build.0 = Debug|x64
		{26E5C600-2706-39E2-8393-6A754CC77516}.Release|x64.ActiveCfg = Release|x64
		{26E5C600-2706-39E2-8393-6A754CC77516}.Release|x64.Build.0 = Release|x64
		{8397A0F1-77C5-3156-B47D-A35629FF8F83}.Debug|x64.ActiveCfg = Debug|x64
		{8397A0F1-77C5-3156-B47D-A35629FF8F83}.Debug|x64.Build.0 = Debug|x64
		{8397A0F1-77C5-3156-B47D-A35629FF8F83}.Release|x64.ActiveCfg = Release|x64
		{8397A0F1-77C5-3156-B47D-A35629FF8F83}.Release|x64.Build.0 = Release|x64
		{3E2A98FE-D264-30CD-A3B6-0B10519B0B97}.Debug|x64.ActiveCfg = Debug|x64
		{3E2A98FE-D264-30CD-A3B6-0B10519B0B97}.Debug|x64.Build.0 = Debug|x64
		{3E2A98FE-D264-30CD-A3B6-0B10519B0B97}.Release|x64.ActiveCfg = Release|x64
		{3E2A98FE-D264-30CD-A3B6-0B10519B0B97}.Release|x64.Build.0 = Release|x64
		{76306D02-B661-3F3F-86A9-CDBA93A5FEAD}.Debug|x64.ActiveCfg = Debug|x64
		{76306D02-B661-3F3F-86A9-CDBA93A5FEAD}.Debug|x64.Build.0 = Debug|x64
		{76306D02-B661-3F3F-86A9-CDBA93A5FEAD}.Release|x64.ActiveCfg = Release|x64
		{76306D02-B661-3F3F-86A9-CDBA93A5FEAD}.Release|x64.Build.0 = Release|x64
		{2A21BD22-CC64-302B-BEF8-0FFD31AFC364}.Debug|x64.ActiveCfg = Debug|x64
		{2A21BD22-CC64-302B-BEF8-0FFD31AFC364}.Debug|x64.Build.0 = Debug|x64
		{2A21BD22-CC64-302B-BEF8-0FFD31AFC364}.Release|x64.ActiveCfg = Release|x64
		{2A21BD22-CC64-302B-BEF8-0FFD31AFC364}.Release|x64.Build.0 = Release|x64
		{ED440137-ABBE-32D2-91C0-F72680E9963E}.Debug|x64.ActiveCfg = Debug|x64
		{ED440137-ABBE-32D2-91C0-F72680E9963E}.Debug|x64.Build.0 = Debug|x64
		{ED440137-ABBE-32D2-91C0-F72680E9963E}.Release|x64.ActiveCfg = Release|x64
		{ED440137-ABBE-32D2-91C0-F72680E9963E}.Release|x64.Build.0 = Release|x64
		{6B7CA323-2A73-3CDF-8CE6-8A7F66E1D202}.Debug|x64.ActiveCfg = Debug|x64
		{6B7CA323-2A73-3CDF-8CE6-8A7F66E1D202}.Debug|x64.Build.0 = Debug|x64
		{6B7CA323-2A73-3CDF-8CE6-8A7F66E1D202}.Release|x64.ActiveCfg = Release|x64
		{6B7CA323-2A73-3CDF-8CE6-8A7F66E1D202}.Release|x64.Build.0 = Release|x64
		{9B20F433-8976-39EA-945D-D7C8F61D782D}.Debug|x64.ActiveCfg = Debug|x64
		{9B20F433-8976-39EA-945D-D7C8F61D782D}.Debug|x64.Build.0 = Debug|x64
		{9B20F433-8976-39EA-945D-D7C8F61D782D}.Release|x64.ActiveCfg = Release|x64
		{9B20F433-8976-39EA-945D-D7C8F61D782D}.Release|x64.Build.0 = Release|x64
		{41A3BF0A-C26B-37FA-BAC1-2F64654B0972}.Debug|x64.ActiveCfg = Debug|x64
		{41A3BF0A-C26B-37FA-BAC1-2F64654B0972}.Debug|x64.Build.0 = Debug|x64
		{41A3BF0A-C26B-37FA-BAC1-2F64654B0972}.Release|x64.ActiveCfg = Release|x64
		{41A3BF0A-C26B-37FA-BAC1-2F64654B0972}.Release|x64.Build.0 = Release|x64
		{9808146A-D4C4-342A-939B-06A1AA1FC3A3}.Debug|x64.ActiveCfg = Debug|x64
		{9808146A-D4C4-342A-939B-06A1AA1FC3A3}.Debug|x64.Build.0 = Debug|x64
		{9808146A-D4C4-342A-939B-06A1AA1FC3A3}.Release|x64.ActiveCfg = Release|x64
		{9808146A-D4C4-342A-939B-06A1AA1FC3A3}.Release|x64.Build.0 = Release|x64
		{21470C57-E97D-37C8-B631-5732D2311E36}.Debug|x64.ActiveCfg = Debug|x64
		{21470C57-E97D-37C8-B631-5732D2311E36}.Debug|x64.Build.0 = Debug|x64
		{21470C57-E97D-37C8-B631-5732D2311E36}.Release|x64.ActiveCfg = Release|x64
		{21470C57-E97D-37C8-B631-5732D2311E36}.Release|x64.Build.0 = Release|x64
		{C5617036-D0CB-37E2-B9F2-730453C98988}.Debug|x64.ActiveCfg = Debug|x64
		{C5617036-D0CB-37E2-B9F2-730453C98988}.Debug|x64.Build.0 = Debug|x64
		{C5617036-D0CB-37E2-B9F2-730453C98988}.Release|x64.ActiveCfg = Release|x64
		{C5617036-D0CB-37E2-B9F2-730453C98988}.Release|x64.Build.0 = Release|x64
		{E00FA80F-4C24-D0C0-15A6-73208179CCF1}.Debug|x64.ActiveCfg = Debug|x64
		{E00FA80F-4C24-D0C0-15A6-73208179CCF1}.Debug|x64.Build.0 = Debug|x64
		{E00FA80F-4C24-D0C0-15A6-73208179CCF1}.Release|x64.ActiveCfg = Release|x64
		{E00FA80F-4C24-D0C0-15A6-73208179CCF1}.Release|x64.Build.0 = Release|x64
		{0B40A9C9-771F-2865-8037-B33BEC958EC6}.Debug|x64.ActiveCfg = Debug|x64
		{0B40A9C9-771F-2865-8037-B33BEC958EC6}.Debug|x64.Build.0 = Debug|x64
		{0B40A9C9-771F-2865-8037-B33BEC958EC6}.Release|x64.ActiveCfg = Release|x64
		{0B40A9C9-771F-2865-8037-B33BEC958EC6}.Release|x64.Build.0 = Release|x64
		{60E1870B-CCEA-877C-5566-9E7CC16E937C}.Debug|x64.ActiveCfg = Debug|x64
		{60E1870B-CCEA-877C-5566-9E7CC16E937C}.Debug|x64.Build.0 = Debug|x64
		{60E1870B-CCEA-877C-5566-9E7CC16E937C}.Release|x64.ActiveCfg = Release|x64
		{60E1870B-CCEA-877C-5566-9E7CC16E937C}.Release|x64.Build.0 = Release|x64
		{F4B2E3E9-603E-51AE-694F-D4A2D559ADAE}.Debug|x64.ActiveCfg = Debug|x64
		{F4B2E3E9-603E-51AE-694F-D4A2D559ADAE}.Debug|x64.Build.0 = Debug|x64
		{F4B2E3E9-603E-51AE-694F-D4A2D559ADAE}.Release|x64.ActiveCfg = Release|x64
		{F4B2E3E9-603E-51AE-694F-D4A2D559ADAE}.Release|x64.Build.0 = Release|x64
	EndGlobalSection
	GlobalSection(SolutionProperties) = preSolution
		HideSolutionNode = FALSE
	EndGlobalSection
	GlobalSection(NestedProjects) = preSolution
		{45DC8C7C-3113-8E0D-DAFF-7310C6150A0F} = {C11D5431-2DDE-CF67-F618-19E562981444}
		{C525B6D6-31E6-310D-FA20-7B8A66A076E9} = {C11D5431-2DDE-CF67-F618-19E562981444}
		{885894B4-7426-88BA-5DBA-F8E04927641F} = {C11D5431-2DDE-CF67-F618-19E562981444}
		{D6F3AE0D-4208-D7BE-0B8A-7A1E775DD3EF} = {C11D5431-2DDE-CF67-F618-19E562981444}
		{3C15F914-A8F4-77B0-B10C-03871D6BDE11} = {C11D5431-2DDE-CF67-F618-19E562981444}
		{8EBFD314-FA4A-41D9-035C-C4CD6F669DD9} = {C11D5431-2DDE-CF67-F618-19E562981444}
		{890B72FC-7504-914E-9E36-76D38A8E705A} = {C11D5431-2DDE-CF67-F618-19E562981444}
		{110C02F6-7D76-B66C-C6B4-6712325E94C1} = {C11D5431-2DDE-CF67-F618-19E562981444}
		{C51A6657-31DB-E18D-FA15-2B0B6695266A} = {53E47842-3FC8-3998-A828-34EB942B241A}
		{EFBF5AC8-5B82-8E52-A432-1DDF10346730} = {53E47842-3FC8-3998-A828-34EB942B241A}
		{B9A354EE-A59C-7340-CECE-58C5BA26534C} = {EFBF5AC8-5B82-8E52-A432-1DDF10346730}
		{FA514F76-9159-3214-A6FB-BF1333CFA899} = {EFBF5AC8-5B82-8E52-A432-1DDF10346730}
		{A2892118-9E33-3EFF-8AA9-2A96502918B4} = {EFBF5AC8-5B82-8E52-A432-1DDF10346730}
		{DECD3A83-CAF2-8903-F33D-6F93DFC18821} = {53E47842-3FC8-3998-A828-34EB942B241A}
		{88DC32CA-F467-A08E-FD78-23836983FC8E} = {DECD3A83-CAF2-8903-F33D-6F93DFC18821}
		{18B9367C-C9F9-3752-9CEC-F17FD058FF3B} = {DECD3A83-CAF2-8903-F33D-6F93DFC18821}
		{97FC3CA4-5564-3096-9735-4D71AD331FCF} = {DECD3A83-CAF2-8903-F33D-6F93DFC18821}
		{6DF03B4E-08A1-3FDA-B14D-CB495F7F7E94} = {DECD3A83-CAF2-8903-F33D-6F93DFC18821}
		{4F0E70AA-E0EA-3032-8B1F-2973DB0C4348} = {DECD3A83-CAF2-8903-F33D-6F93DFC18821}
		{26E5C600-2706-39E2-8393-6A754CC77516} = {DECD3A83-CAF2-8903-F33D-6F93DFC18821}
		{8397A0F1-77C5-3156-B47D-A35629FF8F83} = {DECD3A83-CAF2-8903-F33D-6F93DFC18821}
		{3E2A98FE-D264-30CD-A3B6-0B10519B0B97} = {DECD3A83-CAF2-8903-F33D-6F93DFC18821}
		{76306D02-B661-3F3F-86A9-CDBA93A5FEAD} = {DECD3A83-CAF2-8903-F33D-6F93DFC18821}
		{2A21BD22-CC64-302B-BEF8-0FFD31AFC364} = {DECD3A83-CAF2-8903-F33D-6F93DFC18821}
		{ED440137-ABBE-32D2-91C0-F72680E9963E} = {DECD3A83-CAF2-8903-F33D-6F93DFC18821}
		{6B7CA323-2A73-3CDF-8CE6-8A7F66E1D202} = {DECD3A83-CAF2-8903-F33D-6F93DFC18821}
		{9B20F433-8976-39EA-945D-D7C8F61D782D} = {DECD3A83-CAF2-8903-F33D-6F93DFC18821}
		{41A3BF0A-C26B-37FA-BAC1-2F64654B0972} = {DECD3A83-CAF2-8903-F33D-6F93DFC18821}
		{9808146A-D4C4-342A-939B-06A1AA1FC3A3} = {DECD3A83-CAF2-8903-F33D-6F93DFC18821}
		{21470C57-E97D-37C8-B631-5732D2311E36} = {DECD3A83-CAF2-8903-F33D-6F93DFC18821}
		{C5617036-D0CB-37E2-B9F2-730453C98988} = {53E47842-3FC8-3998-A828-34EB942B241A}
		{E00FA80F-4C24-D0C0-15A6-73208179CCF1} = {53E47842-3FC8-3998-A828-34EB942B241A}
		{483F75F9-344F-21CA-9D08-86E889371063} = {53E47842-3FC8-3998-A828-34EB942B241A}
		{0B40A9C9-771F-2865-8037-B33BEC958EC6} = {483F75F9-344F-21CA-9D08-86E889371063}
		{F4B2E3E9-603E-51AE-694F-D4A2D559ADAE} = {FD47AE19-69FD-260F-F2F1-20E65EA61D13}
	EndGlobalSection
	GlobalSection(ExtensibilityGlobals) = postSolution
		SolutionGuid = {1012B165-D535-4A14-8259-59ECFDD8C9FD}
	EndGlobalSection
EndGlobal
