
Microsoft Visual Studio Solution File, Format Version 12.00
# Visual Studio Version 16
VisualStudioVersion = 16.0.31410.357
MinimumVisualStudioVersion = 10.0.40219.1
Project("{2150E333-8FDC-42A3-9474-1A3956D46DE8}") = "Samples", "Samples", "{C11D5431-2DDE-CF67-F618-19E562981444}"
EndProject
Project("{8BC9CEB8-8B4A-11D0-8D11-00A0C91BC942}") = "Test", "Samples\Test\Test.vcxproj", "{45DC8C7C-3113-8E0D-DAFF-7310C6150A0F}"
	ProjectSection(ProjectDependencies) = postProject
		{E00FA80F-4C24-D0C0-15A6-73208179CCF1} = {E00FA80F-4C24-D0C0-15A6-73208179CCF1}
		{11732A36-E597-3CDA-B8C1-5BF866B2CA65} = {11732A36-E597-3CDA-B8C1-5BF866B2CA65}
		{2DD79675-9941-4BEC-E27F-FC914E292941} = {2DD79675-9941-4BEC-E27F-FC914E292941}
	EndProjectSection
EndProject
Project("{8BC9CEB8-8B4A-11D0-8D11-00A0C91BC942}") = "AnimationTest", "Samples\AnimationTest\AnimationTest.vcxproj", "{C525B6D6-31E6-310D-FA20-7B8A66A076E9}"
	ProjectSection(ProjectDependencies) = postProject
		{E00FA80F-4C24-D0C0-15A6-73208179CCF1} = {E00FA80F-4C24-D0C0-15A6-73208179CCF1}
		{11732A36-E597-3CDA-B8C1-5BF866B2CA65} = {11732A36-E597-3CDA-B8C1-5BF866B2CA65}
		{2DD79675-9941-4BEC-E27F-FC914E292941} = {2DD79675-9941-4BEC-E27F-FC914E292941}
	EndProjectSection
EndProject
Project("{8BC9CEB8-8B4A-11D0-8D11-00A0C91BC942}") = "Model", "Samples\Model\Model.vcxproj", "{D6F3AE0D-4208-D7BE-0B8A-7A1E775DD3EF}"
	ProjectSection(ProjectDependencies) = postProject
		{E00FA80F-4C24-D0C0-15A6-73208179CCF1} = {E00FA80F-4C24-D0C0-15A6-73208179CCF1}
		{11732A36-E597-3CDA-B8C1-5BF866B2CA65} = {11732A36-E597-3CDA-B8C1-5BF866B2CA65}
		{2DD79675-9941-4BEC-E27F-FC914E292941} = {2DD79675-9941-4BEC-E27F-FC914E292941}
	EndProjectSection
EndProject
Project("{8BC9CEB8-8B4A-11D0-8D11-00A0C91BC942}") = "RandomStuffTest", "Samples\RandomStuffTest\RandomStuffTest.vcxproj", "{8EBFD314-FA4A-41D9-035C-C4CD6F669DD9}"
	ProjectSection(ProjectDependencies) = postProject
		{E00FA80F-4C24-D0C0-15A6-73208179CCF1} = {E00FA80F-4C24-D0C0-15A6-73208179CCF1}
		{11732A36-E597-3CDA-B8C1-5BF866B2CA65} = {11732A36-E597-3CDA-B8C1-5BF866B2CA65}
		{2DD79675-9941-4BEC-E27F-FC914E292941} = {2DD79675-9941-4BEC-E27F-FC914E292941}
	EndProjectSection
EndProject
Project("{8BC9CEB8-8B4A-11D0-8D11-00A0C91BC942}") = "RenderStressTest", "Samples\RenderStressTest\RenderStressTest.vcxproj", "{890B72FC-7504-914E-9E36-76D38A8E705A}"
	ProjectSection(ProjectDependencies) = postProject
		{E00FA80F-4C24-D0C0-15A6-73208179CCF1} = {E00FA80F-4C24-D0C0-15A6-73208179CCF1}
		{11732A36-E597-3CDA-B8C1-5BF866B2CA65} = {11732A36-E597-3CDA-B8C1-5BF866B2CA65}
		{2DD79675-9941-4BEC-E27F-FC914E292941} = {2DD79675-9941-4BEC-E27F-FC914E292941}
	EndProjectSection
EndProject
Project("{8BC9CEB8-8B4A-11D0-8D11-00A0C91BC942}") = "AkameCore", "AkameCore\AkameCore.vcxproj", "{2DD79675-9941-4BEC-E27F-FC914E292941}"
	ProjectSection(ProjectDependencies) = postProject
		{C51A6657-31DB-E18D-FA15-2B0B6695266A} = {C51A6657-31DB-E18D-FA15-2B0B6695266A}
		{60E1870B-CCEA-877C-5566-9E7CC16E937C} = {60E1870B-CCEA-877C-5566-9E7CC16E937C}
	EndProjectSection
EndProject
Project("{8BC9CEB8-8B4A-11D0-8D11-00A0C91BC942}") = "AkameEngine", "Akame\AkameEngine.vcxproj", "{9AA63B3B-065C-B430-8F50-AE07FB04AB34}"
	ProjectSection(ProjectDependencies) = postProject
		{E00FA80F-4C24-D0C0-15A6-73208179CCF1} = {E00FA80F-4C24-D0C0-15A6-73208179CCF1}
		{11732A36-E597-3CDA-B8C1-5BF866B2CA65} = {11732A36-E597-3CDA-B8C1-5BF866B2CA65}
		{2DD79675-9941-4BEC-E27F-FC914E292941} = {2DD79675-9941-4BEC-E27F-FC914E292941}
	EndProjectSection
EndProject
Project("{2150E333-8FDC-42A3-9474-1A3956D46DE8}") = "Dependencies", "Dependencies", "{53E47842-3FC8-3998-A828-34EB942B241A}"
EndProject
Project("{8BC9CEB8-8B4A-11D0-8D11-00A0C91BC942}") = "ALL_BUILD_DEP", "AkameCore\vendor\ALL_BUILD_DEP.vcxproj", "{C51A6657-31DB-E18D-FA15-2B0B6695266A}"
	ProjectSection(ProjectDependencies) = postProject
		{88DC32CA-F467-A08E-FD78-23836983FC8E} = {88DC32CA-F467-A08E-FD78-23836983FC8E}
		{B9A354EE-A59C-7340-CECE-58C5BA26534C} = {B9A354EE-A59C-7340-CECE-58C5BA26534C}
		{11732A36-E597-3CDA-B8C1-5BF866B2CA65} = {11732A36-E597-3CDA-B8C1-5BF866B2CA65}
		{E00FA80F-4C24-D0C0-15A6-73208179CCF1} = {E00FA80F-4C24-D0C0-15A6-73208179CCF1}
		{0B40A9C9-771F-2865-8037-B33BEC958EC6} = {0B40A9C9-771F-2865-8037-B33BEC958EC6}
	EndProjectSection
EndProject
Project("{2150E333-8FDC-42A3-9474-1A3956D46DE8}") = "Assimp", "Assimp", "{EFBF5AC8-5B82-8E52-A432-1DDF10346730}"
EndProject
Project("{8BC9CEB8-8B4A-11D0-8D11-00A0C91BC942}") = "ALL_BUILD_ASSIMP", "AkameCore\vendor\PhysX\physx\compiler\vc16win64\sdk_source_bin\ALL_BUILD_ASSIMP.vcxproj", "{B9A354EE-A59C-7340-CECE-58C5BA26534C}"
	ProjectSection(ProjectDependencies) = postProject
		{83792AB4-31C7-3848-8094-4570B57709D6} = {83792AB4-31C7-3848-8094-4570B57709D6}
		{F3FDE5B7-43EC-3AD3-B19F-E8B2F29B9C8F} = {F3FDE5B7-43EC-3AD3-B19F-E8B2F29B9C8F}
	EndProjectSection
EndProject
Project("{8BC9CEB8-8B4A-11D0-8D11-00A0C91BC942}") = "assimp", "AkameCore\vendor\assimp\code\assimp.vcxproj", "{83792AB4-31C7-3848-8094-4570B57709D6}"
EndProject
Project("{8BC9CEB8-8B4A-11D0-8D11-00A0C91BC942}") = "zlibstatic", "AkameCore\vendor\assimp\contrib\zlib\zlibstatic.vcxproj", "{F3FDE5B7-43EC-3AD3-B19F-E8B2F29B9C8F}"
EndProject
Project("{2150E333-8FDC-42A3-9474-1A3956D46DE8}") = "Physx", "Physx", "{DECD3A83-CAF2-8903-F33D-6F93DFC18821}"
EndProject
Project("{8BC9CEB8-8B4A-11D0-8D11-00A0C91BC942}") = "ALL_BUILD_PHYSX", "AkameCore\vendor\PhysX\physx\compiler\vc16win64\sdk_source_bin\ALL_BUILD_PHYSX.vcxproj", "{88DC32CA-F467-A08E-FD78-23836983FC8E}"
	ProjectSection(ProjectDependencies) = postProject
		{2EAD575D-1FE9-3659-AB38-C5F400D5AF31} = {2EAD575D-1FE9-3659-AB38-C5F400D5AF31}
		{B807C6D5-9AEE-32A9-8ED0-18A70A6516E3} = {B807C6D5-9AEE-32A9-8ED0-18A70A6516E3}
		{DFA8143A-6309-3683-A9F5-64243B878714} = {DFA8143A-6309-3683-A9F5-64243B878714}
		{4C7E31B7-EE80-3383-A2DF-5DC5A221C297} = {4C7E31B7-EE80-3383-A2DF-5DC5A221C297}
		{E4D38F66-C582-301F-B71A-CEC1F8D76B4F} = {E4D38F66-C582-301F-B71A-CEC1F8D76B4F}
		{0BAC38FE-BAC8-354D-B37D-35C5DB6DFAF4} = {0BAC38FE-BAC8-354D-B37D-35C5DB6DFAF4}
		{6132F824-5AC3-3AD7-8837-1B8EE761B519} = {6132F824-5AC3-3AD7-8837-1B8EE761B519}
		{25D01C39-9C4A-3FC4-A1FB-8DC397A9A0CD} = {25D01C39-9C4A-3FC4-A1FB-8DC397A9A0CD}
		{4EE19481-1F8C-3DDF-94FF-5A3DDAC65CC6} = {4EE19481-1F8C-3DDF-94FF-5A3DDAC65CC6}
		{577A4B68-32C8-32D4-A9D1-44E50176858E} = {577A4B68-32C8-32D4-A9D1-44E50176858E}
		{C6479B11-9497-39C4-8DC6-197CDB5630CE} = {C6479B11-9497-39C4-8DC6-197CDB5630CE}
		{B295CB13-246C-3BAD-935E-5F6C00FECF32} = {B295CB13-246C-3BAD-935E-5F6C00FECF32}
		{C337D4F7-A33B-3E9F-8495-DB1A51D8A150} = {C337D4F7-A33B-3E9F-8495-DB1A51D8A150}
		{5CCFE1B8-C9D8-36D8-A8C8-B4C6A28625B2} = {5CCFE1B8-C9D8-36D8-A8C8-B4C6A28625B2}
		{B7223406-228A-3874-A02C-18EF111D093C} = {B7223406-228A-3874-A02C-18EF111D093C}
	EndProjectSection
EndProject
Project("{8BC9CEB8-8B4A-11D0-8D11-00A0C91BC942}") = "FastXml", "AkameCore\vendor\PhysX\physx\compiler\vc16win64\sdk_source_bin\FastXml.vcxproj", "{2EAD575D-1FE9-3659-AB38-C5F400D5AF31}"
EndProject
Project("{8BC9CEB8-8B4A-11D0-8D11-00A0C91BC942}") = "LowLevel", "AkameCore\vendor\PhysX\physx\compiler\vc16win64\sdk_source_bin\LowLevel.vcxproj", "{B807C6D5-9AEE-32A9-8ED0-18A70A6516E3}"
EndProject
Project("{8BC9CEB8-8B4A-11D0-8D11-00A0C91BC942}") = "LowLevelAABB", "AkameCore\vendor\PhysX\physx\compiler\vc16win64\sdk_source_bin\LowLevelAABB.vcxproj", "{DFA8143A-6309-3683-A9F5-64243B878714}"
EndProject
Project("{8BC9CEB8-8B4A-11D0-8D11-00A0C91BC942}") = "LowLevelDynamics", "AkameCore\vendor\PhysX\physx\compiler\vc16win64\sdk_source_bin\LowLevelDynamics.vcxproj", "{4C7E31B7-EE80-3383-A2DF-5DC5A221C297}"
EndProject
Project("{8BC9CEB8-8B4A-11D0-8D11-00A0C91BC942}") = "PhysX", "AkameCore\vendor\PhysX\physx\compiler\vc16win64\sdk_source_bin\PhysX.vcxproj", "{E4D38F66-C582-301F-B71A-CEC1F8D76B4F}"
EndProject
Project("{8BC9CEB8-8B4A-11D0-8D11-00A0C91BC942}") = "PhysXCharacterKinematic", "AkameCore\vendor\PhysX\physx\compiler\vc16win64\sdk_source_bin\PhysXCharacterKinematic.vcxproj", "{0BAC38FE-BAC8-354D-B37D-35C5DB6DFAF4}"
EndProject
Project("{8BC9CEB8-8B4A-11D0-8D11-00A0C91BC942}") = "PhysXCommon", "AkameCore\vendor\PhysX\physx\compiler\vc16win64\sdk_source_bin\PhysXCommon.vcxproj", "{6132F824-5AC3-3AD7-8837-1B8EE761B519}"
EndProject
Project("{8BC9CEB8-8B4A-11D0-8D11-00A0C91BC942}") = "PhysXCooking", "AkameCore\vendor\PhysX\physx\compiler\vc16win64\sdk_source_bin\PhysXCooking.vcxproj", "{25D01C39-9C4A-3FC4-A1FB-8DC397A9A0CD}"
EndProject
Project("{8BC9CEB8-8B4A-11D0-8D11-00A0C91BC942}") = "PhysXExtensions", "AkameCore\vendor\PhysX\physx\compiler\vc16win64\sdk_source_bin\PhysXExtensions.vcxproj", "{4EE19481-1F8C-3DDF-94FF-5A3DDAC65CC6}"
EndProject
Project("{8BC9CEB8-8B4A-11D0-8D11-00A0C91BC942}") = "PhysXFoundation", "AkameCore\vendor\PhysX\physx\compiler\vc16win64\sdk_source_bin\PhysXFoundation.vcxproj", "{577A4B68-32C8-32D4-A9D1-44E50176858E}"
EndProject
Project("{8BC9CEB8-8B4A-11D0-8D11-00A0C91BC942}") = "PhysXPvdSDK", "AkameCore\vendor\PhysX\physx\compiler\vc16win64\sdk_source_bin\PhysXPvdSDK.vcxproj", "{C6479B11-9497-39C4-8DC6-197CDB5630CE}"
EndProject
Project("{8BC9CEB8-8B4A-11D0-8D11-00A0C91BC942}") = "PhysXTask", "AkameCore\vendor\PhysX\physx\compiler\vc16win64\sdk_source_bin\PhysXTask.vcxproj", "{B295CB13-246C-3BAD-935E-5F6C00FECF32}"
EndProject
Project("{8BC9CEB8-8B4A-11D0-8D11-00A0C91BC942}") = "PhysXVehicle", "AkameCore\vendor\PhysX\physx\compiler\vc16win64\sdk_source_bin\PhysXVehicle.vcxproj", "{C337D4F7-A33B-3E9F-8495-DB1A51D8A150}"
EndProject
Project("{8BC9CEB8-8B4A-11D0-8D11-00A0C91BC942}") = "SceneQuery", "AkameCore\vendor\PhysX\physx\compiler\vc16win64\sdk_source_bin\SceneQuery.vcxproj", "{5CCFE1B8-C9D8-36D8-A8C8-B4C6A28625B2}"
EndProject
Project("{8BC9CEB8-8B4A-11D0-8D11-00A0C91BC942}") = "SimulationController", "AkameCore\vendor\PhysX\physx\compiler\vc16win64\sdk_source_bin\SimulationController.vcxproj", "{B7223406-228A-3874-A02C-18EF111D093C}"
EndProject
Project("{8BC9CEB8-8B4A-11D0-8D11-00A0C91BC942}") = "glfw", "AkameCore\vendor\glfw\builds\src\glfw.vcxproj", "{11732A36-E597-3CDA-B8C1-5BF866B2CA65}"
EndProject
Project("{8BC9CEB8-8B4A-11D0-8D11-00A0C91BC942}") = "imGui", "AkameCore\vendor\imGui\imGui.vcxproj", "{E00FA80F-4C24-D0C0-15A6-73208179CCF1}"
	ProjectSection(ProjectDependencies) = postProject
		{11732A36-E597-3CDA-B8C1-5BF866B2CA65} = {11732A36-E597-3CDA-B8C1-5BF866B2CA65}
	EndProjectSection
EndProject
Project("{2150E333-8FDC-42A3-9474-1A3956D46DE8}") = "pugixml", "pugixml", "{483F75F9-344F-21CA-9D08-86E889371063}"
EndProject
Project("{8BC9CEB8-8B4A-11D0-8D11-00A0C91BC942}") = "pugixml", "AkameCore\vendor\pugixml\src\pugixml.vcxproj", "{0B40A9C9-771F-2865-8037-B33BEC958EC6}"
EndProject
Project("{8BC9CEB8-8B4A-11D0-8D11-00A0C91BC942}") = "ECS", "ECS\ECS.vcxproj", "{60E1870B-CCEA-877C-5566-9E7CC16E937C}"
EndProject
Project("{2150E333-8FDC-42A3-9474-1A3956D46DE8}") = "tools", "tools", "{FD47AE19-69FD-260F-F2F1-20E65EA61D13}"
EndProject
Project("{8BC9CEB8-8B4A-11D0-8D11-00A0C91BC942}") = "Akame3DExporter", "tools\AkameExporter\Akame3DExporter.vcxproj", "{F4B2E3E9-603E-51AE-694F-D4A2D559ADAE}"
	ProjectSection(ProjectDependencies) = postProject
		{E00FA80F-4C24-D0C0-15A6-73208179CCF1} = {E00FA80F-4C24-D0C0-15A6-73208179CCF1}
		{11732A36-E597-3CDA-B8C1-5BF866B2CA65} = {11732A36-E597-3CDA-B8C1-5BF866B2CA65}
		{2DD79675-9941-4BEC-E27F-FC914E292941} = {2DD79675-9941-4BEC-E27F-FC914E292941}
		{83792AB4-31C7-3848-8094-4570B57709D6} = {83792AB4-31C7-3848-8094-4570B57709D6}
	EndProjectSection
EndProject
Global
	GlobalSection(SolutionConfigurationPlatforms) = preSolution
		Debug|x64 = Debug|x64
		Release|x64 = Release|x64
	EndGlobalSection
	GlobalSection(ProjectConfigurationPlatforms) = postSolution
		{45DC8C7C-3113-8E0D-DAFF-7310C6150A0F}.Debug|x64.ActiveCfg = Debug|x64
		{45DC8C7C-3113-8E0D-DAFF-7310C6150A0F}.Debug|x64.Build.0 = Debug|x64
		{45DC8C7C-3113-8E0D-DAFF-7310C6150A0F}.Release|x64.ActiveCfg = Release|x64
		{45DC8C7C-3113-8E0D-DAFF-7310C6150A0F}.Release|x64.Build.0 = Release|x64
		{C525B6D6-31E6-310D-FA20-7B8A66A076E9}.Debug|x64.ActiveCfg = Debug|x64
		{C525B6D6-31E6-310D-FA20-7B8A66A076E9}.Debug|x64.Build.0 = Debug|x64
		{C525B6D6-31E6-310D-FA20-7B8A66A076E9}.Release|x64.ActiveCfg = Release|x64
		{C525B6D6-31E6-310D-FA20-7B8A66A076E9}.Release|x64.Build.0 = Release|x64
		{D6F3AE0D-4208-D7BE-0B8A-7A1E775DD3EF}.Debug|x64.ActiveCfg = Debug|x64
		{D6F3AE0D-4208-D7BE-0B8A-7A1E775DD3EF}.Debug|x64.Build.0 = Debug|x64
		{D6F3AE0D-4208-D7BE-0B8A-7A1E775DD3EF}.Release|x64.ActiveCfg = Release|x64
		{D6F3AE0D-4208-D7BE-0B8A-7A1E775DD3EF}.Release|x64.Build.0 = Release|x64
		{8EBFD314-FA4A-41D9-035C-C4CD6F669DD9}.Debug|x64.ActiveCfg = Debug|x64
		{8EBFD314-FA4A-41D9-035C-C4CD6F669DD9}.Debug|x64.Build.0 = Debug|x64
		{8EBFD314-FA4A-41D9-035C-C4CD6F669DD9}.Release|x64.ActiveCfg = Release|x64
		{8EBFD314-FA4A-41D9-035C-C4CD6F669DD9}.Release|x64.Build.0 = Release|x64
		{890B72FC-7504-914E-9E36-76D38A8E705A}.Debug|x64.ActiveCfg = Debug|x64
		{890B72FC-7504-914E-9E36-76D38A8E705A}.Debug|x64.Build.0 = Debug|x64
		{890B72FC-7504-914E-9E36-76D38A8E705A}.Release|x64.ActiveCfg = Release|x64
		{890B72FC-7504-914E-9E36-76D38A8E705A}.Release|x64.Build.0 = Release|x64
		{2DD79675-9941-4BEC-E27F-FC914E292941}.Debug|x64.ActiveCfg = Debug|x64
		{2DD79675-9941-4BEC-E27F-FC914E292941}.Debug|x64.Build.0 = Debug|x64
		{2DD79675-9941-4BEC-E27F-FC914E292941}.Release|x64.ActiveCfg = Release|x64
		{2DD79675-9941-4BEC-E27F-FC914E292941}.Release|x64.Build.0 = Release|x64
		{9AA63B3B-065C-B430-8F50-AE07FB04AB34}.Debug|x64.ActiveCfg = Debug|x64
		{9AA63B3B-065C-B430-8F50-AE07FB04AB34}.Debug|x64.Build.0 = Debug|x64
		{9AA63B3B-065C-B430-8F50-AE07FB04AB34}.Release|x64.ActiveCfg = Release|x64
		{9AA63B3B-065C-B430-8F50-AE07FB04AB34}.Release|x64.Build.0 = Release|x64
		{C51A6657-31DB-E18D-FA15-2B0B6695266A}.Debug|x64.ActiveCfg = Debug|x64
		{C51A6657-31DB-E18D-FA15-2B0B6695266A}.Debug|x64.Build.0 = Debug|x64
		{C51A6657-31DB-E18D-FA15-2B0B6695266A}.Release|x64.ActiveCfg = Release|x64
		{C51A6657-31DB-E18D-FA15-2B0B6695266A}.Release|x64.Build.0 = Release|x64
		{B9A354EE-A59C-7340-CECE-58C5BA26534C}.Debug|x64.ActiveCfg = Debug|x64
		{B9A354EE-A59C-7340-CECE-58C5BA26534C}.Debug|x64.Build.0 = Debug|x64
		{B9A354EE-A59C-7340-CECE-58C5BA26534C}.Release|x64.ActiveCfg = Release|x64
		{B9A354EE-A59C-7340-CECE-58C5BA26534C}.Release|x64.Build.0 = Release|x64
		{83792AB4-31C7-3848-8094-4570B57709D6}.Debug|x64.ActiveCfg = Debug|x64
		{83792AB4-31C7-3848-8094-4570B57709D6}.Debug|x64.Build.0 = Debug|x64
		{83792AB4-31C7-3848-8094-4570B57709D6}.Release|x64.ActiveCfg = Release|x64
		{83792AB4-31C7-3848-8094-4570B57709D6}.Release|x64.Build.0 = Release|x64
		{F3FDE5B7-43EC-3AD3-B19F-E8B2F29B9C8F}.Debug|x64.ActiveCfg = Debug|x64
		{F3FDE5B7-43EC-3AD3-B19F-E8B2F29B9C8F}.Debug|x64.Build.0 = Debug|x64
		{F3FDE5B7-43EC-3AD3-B19F-E8B2F29B9C8F}.Release|x64.ActiveCfg = Release|x64
		{F3FDE5B7-43EC-3AD3-B19F-E8B2F29B9C8F}.Release|x64.Build.0 = Release|x64
		{88DC32CA-F467-A08E-FD78-23836983FC8E}.Debug|x64.ActiveCfg = Debug|x64
		{88DC32CA-F467-A08E-FD78-23836983FC8E}.Debug|x64.Build.0 = Debug|x64
		{88DC32CA-F467-A08E-FD78-23836983FC8E}.Release|x64.ActiveCfg = Release|x64
		{88DC32CA-F467-A08E-FD78-23836983FC8E}.Release|x64.Build.0 = Release|x64
		{2EAD575D-1FE9-3659-AB38-C5F400D5AF31}.Debug|x64.ActiveCfg = Debug|x64
		{2EAD575D-1FE9-3659-AB38-C5F400D5AF31}.Debug|x64.Build.0 = Debug|x64
		{2EAD575D-1FE9-3659-AB38-C5F400D5AF31}.Release|x64.ActiveCfg = Release|x64
		{2EAD575D-1FE9-3659-AB38-C5F400D5AF31}.Release|x64.Build.0 = Release|x64
		{B807C6D5-9AEE-32A9-8ED0-18A70A6516E3}.Debug|x64.ActiveCfg = Debug|x64
		{B807C6D5-9AEE-32A9-8ED0-18A70A6516E3}.Debug|x64.Build.0 = Debug|x64
		{B807C6D5-9AEE-32A9-8ED0-18A70A6516E3}.Release|x64.ActiveCfg = Release|x64
		{B807C6D5-9AEE-32A9-8ED0-18A70A6516E3}.Release|x64.Build.0 = Release|x64
		{DFA8143A-6309-3683-A9F5-64243B878714}.Debug|x64.ActiveCfg = Debug|x64
		{DFA8143A-6309-3683-A9F5-64243B878714}.Debug|x64.Build.0 = Debug|x64
		{DFA8143A-6309-3683-A9F5-64243B878714}.Release|x64.ActiveCfg = Release|x64
		{DFA8143A-6309-3683-A9F5-64243B878714}.Release|x64.Build.0 = Release|x64
		{4C7E31B7-EE80-3383-A2DF-5DC5A221C297}.Debug|x64.ActiveCfg = Debug|x64
		{4C7E31B7-EE80-3383-A2DF-5DC5A221C297}.Debug|x64.Build.0 = Debug|x64
		{4C7E31B7-EE80-3383-A2DF-5DC5A221C297}.Release|x64.ActiveCfg = Release|x64
		{4C7E31B7-EE80-3383-A2DF-5DC5A221C297}.Release|x64.Build.0 = Release|x64
		{E4D38F66-C582-301F-B71A-CEC1F8D76B4F}.Debug|x64.ActiveCfg = Debug|x64
		{E4D38F66-C582-301F-B71A-CEC1F8D76B4F}.Debug|x64.Build.0 = Debug|x64
		{E4D38F66-C582-301F-B71A-CEC1F8D76B4F}.Release|x64.ActiveCfg = Release|x64
		{E4D38F66-C582-301F-B71A-CEC1F8D76B4F}.Release|x64.Build.0 = Release|x64
		{0BAC38FE-BAC8-354D-B37D-35C5DB6DFAF4}.Debug|x64.ActiveCfg = Debug|x64
		{0BAC38FE-BAC8-354D-B37D-35C5DB6DFAF4}.Debug|x64.Build.0 = Debug|x64
		{0BAC38FE-BAC8-354D-B37D-35C5DB6DFAF4}.Release|x64.ActiveCfg = Release|x64
		{0BAC38FE-BAC8-354D-B37D-35C5DB6DFAF4}.Release|x64.Build.0 = Release|x64
		{6132F824-5AC3-3AD7-8837-1B8EE761B519}.Debug|x64.ActiveCfg = Debug|x64
		{6132F824-5AC3-3AD7-8837-1B8EE761B519}.Debug|x64.Build.0 = Debug|x64
		{6132F824-5AC3-3AD7-8837-1B8EE761B519}.Release|x64.ActiveCfg = Release|x64
		{6132F824-5AC3-3AD7-8837-1B8EE761B519}.Release|x64.Build.0 = Release|x64
		{25D01C39-9C4A-3FC4-A1FB-8DC397A9A0CD}.Debug|x64.ActiveCfg = Debug|x64
		{25D01C39-9C4A-3FC4-A1FB-8DC397A9A0CD}.Debug|x64.Build.0 = Debug|x64
		{25D01C39-9C4A-3FC4-A1FB-8DC397A9A0CD}.Release|x64.ActiveCfg = Release|x64
		{25D01C39-9C4A-3FC4-A1FB-8DC397A9A0CD}.Release|x64.Build.0 = Release|x64
		{4EE19481-1F8C-3DDF-94FF-5A3DDAC65CC6}.Debug|x64.ActiveCfg = Debug|x64
		{4EE19481-1F8C-3DDF-94FF-5A3DDAC65CC6}.Debug|x64.Build.0 = Debug|x64
		{4EE19481-1F8C-3DDF-94FF-5A3DDAC65CC6}.Release|x64.ActiveCfg = Release|x64
		{4EE19481-1F8C-3DDF-94FF-5A3DDAC65CC6}.Release|x64.Build.0 = Release|x64
		{577A4B68-32C8-32D4-A9D1-44E50176858E}.Debug|x64.ActiveCfg = Debug|x64
		{577A4B68-32C8-32D4-A9D1-44E50176858E}.Debug|x64.Build.0 = Debug|x64
		{577A4B68-32C8-32D4-A9D1-44E50176858E}.Release|x64.ActiveCfg = Release|x64
		{577A4B68-32C8-32D4-A9D1-44E50176858E}.Release|x64.Build.0 = Release|x64
		{C6479B11-9497-39C4-8DC6-197CDB5630CE}.Debug|x64.ActiveCfg = Debug|x64
		{C6479B11-9497-39C4-8DC6-197CDB5630CE}.Debug|x64.Build.0 = Debug|x64
		{C6479B11-9497-39C4-8DC6-197CDB5630CE}.Release|x64.ActiveCfg = Release|x64
		{C6479B11-9497-39C4-8DC6-197CDB5630CE}.Release|x64.Build.0 = Release|x64
		{B295CB13-246C-3BAD-935E-5F6C00FECF32}.Debug|x64.ActiveCfg = Debug|x64
		{B295CB13-246C-3BAD-935E-5F6C00FECF32}.Debug|x64.Build.0 = Debug|x64
		{B295CB13-246C-3BAD-935E-5F6C00FECF32}.Release|x64.ActiveCfg = Release|x64
		{B295CB13-246C-3BAD-935E-5F6C00FECF32}.Release|x64.Build.0 = Release|x64
		{C337D4F7-A33B-3E9F-8495-DB1A51D8A150}.Debug|x64.ActiveCfg = Debug|x64
		{C337D4F7-A33B-3E9F-8495-DB1A51D8A150}.Debug|x64.Build.0 = Debug|x64
		{C337D4F7-A33B-3E9F-8495-DB1A51D8A150}.Release|x64.ActiveCfg = Release|x64
		{C337D4F7-A33B-3E9F-8495-DB1A51D8A150}.Release|x64.Build.0 = Release|x64
		{5CCFE1B8-C9D8-36D8-A8C8-B4C6A28625B2}.Debug|x64.ActiveCfg = Debug|x64
		{5CCFE1B8-C9D8-36D8-A8C8-B4C6A28625B2}.Debug|x64.Build.0 = Debug|x64
		{5CCFE1B8-C9D8-36D8-A8C8-B4C6A28625B2}.Release|x64.ActiveCfg = Release|x64
		{5CCFE1B8-C9D8-36D8-A8C8-B4C6A28625B2}.Release|x64.Build.0 = Release|x64
		{B7223406-228A-3874-A02C-18EF111D093C}.Debug|x64.ActiveCfg = Debug|x64
		{B7223406-228A-3874-A02C-18EF111D093C}.Debug|x64.Build.0 = Debug|x64
		{B7223406-228A-3874-A02C-18EF111D093C}.Release|x64.ActiveCfg = Release|x64
		{B7223406-228A-3874-A02C-18EF111D093C}.Release|x64.Build.0 = Release|x64
		{11732A36-E597-3CDA-B8C1-5BF866B2CA65}.Debug|x64.ActiveCfg = Debug|x64
		{11732A36-E597-3CDA-B8C1-5BF866B2CA65}.Debug|x64.Build.0 = Debug|x64
		{11732A36-E597-3CDA-B8C1-5BF866B2CA65}.Release|x64.ActiveCfg = Release|x64
		{11732A36-E597-3CDA-B8C1-5BF866B2CA65}.Release|x64.Build.0 = Release|x64
		{E00FA80F-4C24-D0C0-15A6-73208179CCF1}.Debug|x64.ActiveCfg = Debug|x64
		{E00FA80F-4C24-D0C0-15A6-73208179CCF1}.Debug|x64.Build.0 = Debug|x64
		{E00FA80F-4C24-D0C0-15A6-73208179CCF1}.Release|x64.ActiveCfg = Release|x64
		{E00FA80F-4C24-D0C0-15A6-73208179CCF1}.Release|x64.Build.0 = Release|x64
		{0B40A9C9-771F-2865-8037-B33BEC958EC6}.Debug|x64.ActiveCfg = Debug|x64
		{0B40A9C9-771F-2865-8037-B33BEC958EC6}.Debug|x64.Build.0 = Debug|x64
		{0B40A9C9-771F-2865-8037-B33BEC958EC6}.Release|x64.ActiveCfg = Release|x64
		{0B40A9C9-771F-2865-8037-B33BEC958EC6}.Release|x64.Build.0 = Release|x64
		{60E1870B-CCEA-877C-5566-9E7CC16E937C}.Debug|x64.ActiveCfg = Debug|x64
		{60E1870B-CCEA-877C-5566-9E7CC16E937C}.Debug|x64.Build.0 = Debug|x64
		{60E1870B-CCEA-877C-5566-9E7CC16E937C}.Release|x64.ActiveCfg = Release|x64
		{60E1870B-CCEA-877C-5566-9E7CC16E937C}.Release|x64.Build.0 = Release|x64
		{F4B2E3E9-603E-51AE-694F-D4A2D559ADAE}.Debug|x64.ActiveCfg = Debug|x64
		{F4B2E3E9-603E-51AE-694F-D4A2D559ADAE}.Debug|x64.Build.0 = Debug|x64
		{F4B2E3E9-603E-51AE-694F-D4A2D559ADAE}.Release|x64.ActiveCfg = Release|x64
		{F4B2E3E9-603E-51AE-694F-D4A2D559ADAE}.Release|x64.Build.0 = Release|x64
	EndGlobalSection
	GlobalSection(SolutionProperties) = preSolution
		HideSolutionNode = FALSE
	EndGlobalSection
	GlobalSection(NestedProjects) = preSolution
		{45DC8C7C-3113-8E0D-DAFF-7310C6150A0F} = {C11D5431-2DDE-CF67-F618-19E562981444}
		{C525B6D6-31E6-310D-FA20-7B8A66A076E9} = {C11D5431-2DDE-CF67-F618-19E562981444}
		{D6F3AE0D-4208-D7BE-0B8A-7A1E775DD3EF} = {C11D5431-2DDE-CF67-F618-19E562981444}
		{8EBFD314-FA4A-41D9-035C-C4CD6F669DD9} = {C11D5431-2DDE-CF67-F618-19E562981444}
		{890B72FC-7504-914E-9E36-76D38A8E705A} = {C11D5431-2DDE-CF67-F618-19E562981444}
		{C51A6657-31DB-E18D-FA15-2B0B6695266A} = {53E47842-3FC8-3998-A828-34EB942B241A}
		{EFBF5AC8-5B82-8E52-A432-1DDF10346730} = {53E47842-3FC8-3998-A828-34EB942B241A}
		{B9A354EE-A59C-7340-CECE-58C5BA26534C} = {EFBF5AC8-5B82-8E52-A432-1DDF10346730}
		{83792AB4-31C7-3848-8094-4570B57709D6} = {EFBF5AC8-5B82-8E52-A432-1DDF10346730}
		{F3FDE5B7-43EC-3AD3-B19F-E8B2F29B9C8F} = {EFBF5AC8-5B82-8E52-A432-1DDF10346730}
		{DECD3A83-CAF2-8903-F33D-6F93DFC18821} = {53E47842-3FC8-3998-A828-34EB942B241A}
		{88DC32CA-F467-A08E-FD78-23836983FC8E} = {DECD3A83-CAF2-8903-F33D-6F93DFC18821}
		{2EAD575D-1FE9-3659-AB38-C5F400D5AF31} = {DECD3A83-CAF2-8903-F33D-6F93DFC18821}
		{B807C6D5-9AEE-32A9-8ED0-18A70A6516E3} = {DECD3A83-CAF2-8903-F33D-6F93DFC18821}
		{DFA8143A-6309-3683-A9F5-64243B878714} = {DECD3A83-CAF2-8903-F33D-6F93DFC18821}
		{4C7E31B7-EE80-3383-A2DF-5DC5A221C297} = {DECD3A83-CAF2-8903-F33D-6F93DFC18821}
		{E4D38F66-C582-301F-B71A-CEC1F8D76B4F} = {DECD3A83-CAF2-8903-F33D-6F93DFC18821}
		{0BAC38FE-BAC8-354D-B37D-35C5DB6DFAF4} = {DECD3A83-CAF2-8903-F33D-6F93DFC18821}
		{6132F824-5AC3-3AD7-8837-1B8EE761B519} = {DECD3A83-CAF2-8903-F33D-6F93DFC18821}
		{25D01C39-9C4A-3FC4-A1FB-8DC397A9A0CD} = {DECD3A83-CAF2-8903-F33D-6F93DFC18821}
		{4EE19481-1F8C-3DDF-94FF-5A3DDAC65CC6} = {DECD3A83-CAF2-8903-F33D-6F93DFC18821}
		{577A4B68-32C8-32D4-A9D1-44E50176858E} = {DECD3A83-CAF2-8903-F33D-6F93DFC18821}
		{C6479B11-9497-39C4-8DC6-197CDB5630CE} = {DECD3A83-CAF2-8903-F33D-6F93DFC18821}
		{B295CB13-246C-3BAD-935E-5F6C00FECF32} = {DECD3A83-CAF2-8903-F33D-6F93DFC18821}
		{C337D4F7-A33B-3E9F-8495-DB1A51D8A150} = {DECD3A83-CAF2-8903-F33D-6F93DFC18821}
		{5CCFE1B8-C9D8-36D8-A8C8-B4C6A28625B2} = {DECD3A83-CAF2-8903-F33D-6F93DFC18821}
		{B7223406-228A-3874-A02C-18EF111D093C} = {DECD3A83-CAF2-8903-F33D-6F93DFC18821}
		{11732A36-E597-3CDA-B8C1-5BF866B2CA65} = {53E47842-3FC8-3998-A828-34EB942B241A}
		{E00FA80F-4C24-D0C0-15A6-73208179CCF1} = {53E47842-3FC8-3998-A828-34EB942B241A}
		{483F75F9-344F-21CA-9D08-86E889371063} = {53E47842-3FC8-3998-A828-34EB942B241A}
		{0B40A9C9-771F-2865-8037-B33BEC958EC6} = {483F75F9-344F-21CA-9D08-86E889371063}
		{F4B2E3E9-603E-51AE-694F-D4A2D559ADAE} = {FD47AE19-69FD-260F-F2F1-20E65EA61D13}
	EndGlobalSection
	GlobalSection(ExtensibilityGlobals) = postSolution
		SolutionGuid = {6DDB1941-98B1-445D-A6DE-1685B9CFA66E}
	EndGlobalSection
EndGlobal
