
Microsoft Visual Studio Solution File, Format Version 12.00
# Visual Studio Version 16
VisualStudioVersion = 16.0.31313.79
MinimumVisualStudioVersion = 10.0.40219.1
Project("{8BC9CEB8-8B4A-11D0-8D11-00A0C91BC942}") = "Opengl1", "Opengl1\Opengl1.vcxproj", "{3BE49BD1-A7C3-1A6D-B0DB-A5431C3A81CE}"
	ProjectSection(ProjectDependencies) = postProject
		{E00FA80F-4C24-D0C0-15A6-73208179CCF1} = {E00FA80F-4C24-D0C0-15A6-73208179CCF1}
		{4FBECA42-DB84-3821-8E6B-5D05D07D881B} = {4FBECA42-DB84-3821-8E6B-5D05D07D881B}
	EndProjectSection
EndProject
Project("{8BC9CEB8-8B4A-11D0-8D11-00A0C91BC942}") = "ECS", "ECS\ECS.vcxproj", "{60E1870B-CCEA-877C-5566-9E7CC16E937C}"
EndProject
Project("{8BC9CEB8-8B4A-11D0-8D11-00A0C91BC942}") = "glfw", "glfw\src\GLFW.vcxproj", "{4FBECA42-DB84-3821-8E6B-5D05D07D881B}"
EndProject
Project("{8BC9CEB8-8B4A-11D0-8D11-00A0C91BC942}") = "GeoSpatialData", "GeoSpatialData\GeoSpatialData.vcxproj", "{885894B4-7426-88BA-5DBA-F8E04927641F}"
	ProjectSection(ProjectDependencies) = postProject
		{E00FA80F-4C24-D0C0-15A6-73208179CCF1} = {E00FA80F-4C24-D0C0-15A6-73208179CCF1}
		{4FBECA42-DB84-3821-8E6B-5D05D07D881B} = {4FBECA42-DB84-3821-8E6B-5D05D07D881B}
		{3BE49BD1-A7C3-1A6D-B0DB-A5431C3A81CE} = {3BE49BD1-A7C3-1A6D-B0DB-A5431C3A81CE}
	EndProjectSection
EndProject
Project("{8BC9CEB8-8B4A-11D0-8D11-00A0C91BC942}") = "Planets", "Planets\Planets.vcxproj", "{3C15F914-A8F4-77B0-B10C-03871D6BDE11}"
	ProjectSection(ProjectDependencies) = postProject
		{E00FA80F-4C24-D0C0-15A6-73208179CCF1} = {E00FA80F-4C24-D0C0-15A6-73208179CCF1}
		{4FBECA42-DB84-3821-8E6B-5D05D07D881B} = {4FBECA42-DB84-3821-8E6B-5D05D07D881B}
		{3BE49BD1-A7C3-1A6D-B0DB-A5431C3A81CE} = {3BE49BD1-A7C3-1A6D-B0DB-A5431C3A81CE}
	EndProjectSection
EndProject
Project("{8BC9CEB8-8B4A-11D0-8D11-00A0C91BC942}") = "Test", "Test\Test.vcxproj", "{45DC8C7C-3113-8E0D-DAFF-7310C6150A0F}"
	ProjectSection(ProjectDependencies) = postProject
		{E00FA80F-4C24-D0C0-15A6-73208179CCF1} = {E00FA80F-4C24-D0C0-15A6-73208179CCF1}
		{4FBECA42-DB84-3821-8E6B-5D05D07D881B} = {4FBECA42-DB84-3821-8E6B-5D05D07D881B}
		{3BE49BD1-A7C3-1A6D-B0DB-A5431C3A81CE} = {3BE49BD1-A7C3-1A6D-B0DB-A5431C3A81CE}
	EndProjectSection
EndProject
Project("{8BC9CEB8-8B4A-11D0-8D11-00A0C91BC942}") = "imGui", "opengl1\vendor\imGui\imGui.vcxproj", "{E00FA80F-4C24-D0C0-15A6-73208179CCF1}"
	ProjectSection(ProjectDependencies) = postProject
		{4FBECA42-DB84-3821-8E6B-5D05D07D881B} = {4FBECA42-DB84-3821-8E6B-5D05D07D881B}
	EndProjectSection
EndProject
Global
	GlobalSection(SolutionConfigurationPlatforms) = preSolution
		Debug|x64 = Debug|x64
		Release|x64 = Release|x64
	EndGlobalSection
	GlobalSection(ProjectConfigurationPlatforms) = postSolution
		{3BE49BD1-A7C3-1A6D-B0DB-A5431C3A81CE}.Debug|x64.ActiveCfg = Debug|x64
		{3BE49BD1-A7C3-1A6D-B0DB-A5431C3A81CE}.Debug|x64.Build.0 = Debug|x64
		{3BE49BD1-A7C3-1A6D-B0DB-A5431C3A81CE}.Release|x64.ActiveCfg = Release|x64
		{3BE49BD1-A7C3-1A6D-B0DB-A5431C3A81CE}.Release|x64.Build.0 = Release|x64
		{60E1870B-CCEA-877C-5566-9E7CC16E937C}.Debug|x64.ActiveCfg = Debug|x64
		{60E1870B-CCEA-877C-5566-9E7CC16E937C}.Debug|x64.Build.0 = Debug|x64
		{60E1870B-CCEA-877C-5566-9E7CC16E937C}.Release|x64.ActiveCfg = Release|x64
		{60E1870B-CCEA-877C-5566-9E7CC16E937C}.Release|x64.Build.0 = Release|x64
		{4FBECA42-DB84-3821-8E6B-5D05D07D881B}.Debug|x64.ActiveCfg = Debug|x64
		{4FBECA42-DB84-3821-8E6B-5D05D07D881B}.Debug|x64.Build.0 = Debug|x64
		{4FBECA42-DB84-3821-8E6B-5D05D07D881B}.Release|x64.ActiveCfg = Release|x64
		{4FBECA42-DB84-3821-8E6B-5D05D07D881B}.Release|x64.Build.0 = Release|x64
		{885894B4-7426-88BA-5DBA-F8E04927641F}.Debug|x64.ActiveCfg = Debug|x64
		{885894B4-7426-88BA-5DBA-F8E04927641F}.Debug|x64.Build.0 = Debug|x64
		{885894B4-7426-88BA-5DBA-F8E04927641F}.Release|x64.ActiveCfg = Release|x64
		{885894B4-7426-88BA-5DBA-F8E04927641F}.Release|x64.Build.0 = Release|x64
		{3C15F914-A8F4-77B0-B10C-03871D6BDE11}.Debug|x64.ActiveCfg = Debug|x64
		{3C15F914-A8F4-77B0-B10C-03871D6BDE11}.Debug|x64.Build.0 = Debug|x64
		{3C15F914-A8F4-77B0-B10C-03871D6BDE11}.Release|x64.ActiveCfg = Release|x64
		{3C15F914-A8F4-77B0-B10C-03871D6BDE11}.Release|x64.Build.0 = Release|x64
		{45DC8C7C-3113-8E0D-DAFF-7310C6150A0F}.Debug|x64.ActiveCfg = Debug|x64
		{45DC8C7C-3113-8E0D-DAFF-7310C6150A0F}.Debug|x64.Build.0 = Debug|x64
		{45DC8C7C-3113-8E0D-DAFF-7310C6150A0F}.Release|x64.ActiveCfg = Release|x64
		{45DC8C7C-3113-8E0D-DAFF-7310C6150A0F}.Release|x64.Build.0 = Release|x64
		{E00FA80F-4C24-D0C0-15A6-73208179CCF1}.Debug|x64.ActiveCfg = Debug|x64
		{E00FA80F-4C24-D0C0-15A6-73208179CCF1}.Debug|x64.Build.0 = Debug|x64
		{E00FA80F-4C24-D0C0-15A6-73208179CCF1}.Release|x64.ActiveCfg = Release|x64
		{E00FA80F-4C24-D0C0-15A6-73208179CCF1}.Release|x64.Build.0 = Release|x64
	EndGlobalSection
	GlobalSection(SolutionProperties) = preSolution
		HideSolutionNode = FALSE
	EndGlobalSection
	GlobalSection(ExtensibilityGlobals) = postSolution
		SolutionGuid = {088624C8-E57E-41A3-AD67-0C7234F58F27}
	EndGlobalSection
EndGlobal
