<?xml version="1.0" encoding="utf-8"?>
<Project ToolsVersion="4.0" xmlns="http://schemas.microsoft.com/developer/msbuild/2003">
  <ItemGroup>
    <Filter Include="Header Files">
      <UniqueIdentifier>{21EB8090-0D4E-1035-B6D3-48EBA215DCB7}</UniqueIdentifier>
    </Filter>
    <Filter Include="Header Files\Assets">
      <UniqueIdentifier>{E34259A5-4FA4-36B3-D811-7D6544726D72}</UniqueIdentifier>
    </Filter>
    <Filter Include="Header Files\Editor">
      <UniqueIdentifier>{373999AD-A39A-76BB-2C08-BD6D9868AD7A}</UniqueIdentifier>
    </Filter>
    <Filter Include="Header Files\Lighting">
      <UniqueIdentifier>{C693FB69-3200-B764-FBF3-4EC2671FD9CC}</UniqueIdentifier>
    </Filter>
    <Filter Include="Header Files\Log">
      <UniqueIdentifier>{72AB6E6F-5EA4-8DC1-87D6-7246732E6DCD}</UniqueIdentifier>
    </Filter>
    <Filter Include="Header Files\Physics">
      <UniqueIdentifier>{937FF6B9-7F0E-8083-282D-947E149B9029}</UniqueIdentifier>
    </Filter>
    <Filter Include="Header Files\Systems">
      <UniqueIdentifier>{28D220C8-1461-AA91-BD7F-BE8CA9EDBA37}</UniqueIdentifier>
    </Filter>
    <Filter Include="Header Files\Systems\RenderingSystem">
      <UniqueIdentifier>{DABC2553-C6A3-E74A-6FF4-4D685BBA60B1}</UniqueIdentifier>
    </Filter>
    <Filter Include="Source Files">
      <UniqueIdentifier>{E9C7FDCE-D52A-8D73-7EB0-C5296AF258F6}</UniqueIdentifier>
    </Filter>
    <Filter Include="Source Files\Assets">
      <UniqueIdentifier>{ABEEB466-1750-9274-A0BD-D8260C1EC933}</UniqueIdentifier>
    </Filter>
    <Filter Include="Source Files\Editor">
      <UniqueIdentifier>{FFE4F46E-6B46-D27C-F4B3-182F6014093C}</UniqueIdentifier>
    </Filter>
    <Filter Include="Source Files\Log">
      <UniqueIdentifier>{3AAC1C27-26A5-3B79-4FD7-20FE3B2F1B85}</UniqueIdentifier>
    </Filter>
    <Filter Include="Source Files\Math">
      <UniqueIdentifier>{6286B20A-CE9C-B0A0-1714-3CC283698128}</UniqueIdentifier>
    </Filter>
    <Filter Include="Source Files\Physics">
      <UniqueIdentifier>{5BA4C7A6-4733-5170-F051-656BDCBF6116}</UniqueIdentifier>
    </Filter>
    <Filter Include="Source Files\Systems">
      <UniqueIdentifier>{F0F6F1B4-DC85-7B7E-85A4-8F7971128C24}</UniqueIdentifier>
    </Filter>
    <Filter Include="Source Files\Systems\RenderingSystem">
      <UniqueIdentifier>{A271F71F-8E58-B917-37A9-1F35236F327E}</UniqueIdentifier>
    </Filter>
    <Filter Include="Source Files\misc">
      <UniqueIdentifier>{6434C40A-D04A-C2A0-19C2-4DC285179328}</UniqueIdentifier>
    </Filter>
  </ItemGroup>
  <ItemGroup>
    <ClInclude Include="Header Files\Assets\Asset.h">
      <Filter>Header Files\Assets</Filter>
    </ClInclude>
    <ClInclude Include="Header Files\Assets\AssetArray.h">
      <Filter>Header Files\Assets</Filter>
    </ClInclude>
    <ClInclude Include="Header Files\Assets\AssetManager.h">
      <Filter>Header Files\Assets</Filter>
    </ClInclude>
    <ClInclude Include="Header Files\Assets\ShaderManager.h">
      <Filter>Header Files\Assets</Filter>
    </ClInclude>
    <ClInclude Include="Header Files\Behaviour.h">
      <Filter>Header Files</Filter>
    </ClInclude>
    <ClInclude Include="Header Files\BehaviourComponent.h">
      <Filter>Header Files</Filter>
    </ClInclude>
    <ClInclude Include="Header Files\Camera.h">
      <Filter>Header Files</Filter>
    </ClInclude>
    <ClInclude Include="Header Files\DeferredRendererFragmentBuffer.h">
      <Filter>Header Files</Filter>
    </ClInclude>
    <ClInclude Include="Header Files\DisplacementMap.h">
      <Filter>Header Files</Filter>
    </ClInclude>
    <ClInclude Include="Header Files\Editor\EditorUI.h">
      <Filter>Header Files\Editor</Filter>
    </ClInclude>
    <ClInclude Include="Header Files\Editor\Scene.h">
      <Filter>Header Files\Editor</Filter>
    </ClInclude>
    <ClInclude Include="Header Files\Engine.h">
      <Filter>Header Files</Filter>
    </ClInclude>
    <ClInclude Include="Header Files\EngineMath.h">
      <Filter>Header Files</Filter>
    </ClInclude>
    <ClInclude Include="Header Files\EngineMathConstants.h">
      <Filter>Header Files</Filter>
    </ClInclude>
    <ClInclude Include="Header Files\FrameBuffer.h">
      <Filter>Header Files</Filter>
    </ClInclude>
    <ClInclude Include="Header Files\GlmMath.h">
      <Filter>Header Files</Filter>
    </ClInclude>
    <ClInclude Include="Header Files\Input.h">
      <Filter>Header Files</Filter>
    </ClInclude>
    <ClInclude Include="Header Files\Lighting\Lights.h">
      <Filter>Header Files\Lighting</Filter>
    </ClInclude>
    <ClInclude Include="Header Files\Log\Log.h">
      <Filter>Header Files\Log</Filter>
    </ClInclude>
    <ClInclude Include="Header Files\Material.h">
      <Filter>Header Files</Filter>
    </ClInclude>
    <ClInclude Include="Header Files\Mesh.h">
      <Filter>Header Files</Filter>
    </ClInclude>
    <ClInclude Include="Header Files\MeshInstance.h">
      <Filter>Header Files</Filter>
    </ClInclude>
    <ClInclude Include="Header Files\Model.h">
      <Filter>Header Files</Filter>
    </ClInclude>
    <ClInclude Include="Header Files\Physics\ColliderShape.h">
      <Filter>Header Files\Physics</Filter>
    </ClInclude>
    <ClInclude Include="Header Files\Physics\Physics.h">
      <Filter>Header Files\Physics</Filter>
    </ClInclude>
    <ClInclude Include="Header Files\Physics\RigidBody3D.h">
      <Filter>Header Files\Physics</Filter>
    </ClInclude>
    <ClInclude Include="Header Files\Quaternion.h">
      <Filter>Header Files</Filter>
    </ClInclude>
    <ClInclude Include="Header Files\Shader.h">
      <Filter>Header Files</Filter>
    </ClInclude>
    <ClInclude Include="Header Files\StopWatch.h">
      <Filter>Header Files</Filter>
    </ClInclude>
    <ClInclude Include="Header Files\Systems\BehaviourSystem.h">
      <Filter>Header Files\Systems</Filter>
    </ClInclude>
    <ClInclude Include="Header Files\Systems\RenderingSystem\LightSystem.h">
      <Filter>Header Files\Systems\RenderingSystem</Filter>
    </ClInclude>
    <ClInclude Include="Header Files\Systems\RenderingSystem\RenderingSystem.h">
      <Filter>Header Files\Systems\RenderingSystem</Filter>
    </ClInclude>
    <ClInclude Include="Header Files\Systems\RenderingSystem\ShadowFBO.h">
      <Filter>Header Files\Systems\RenderingSystem</Filter>
    </ClInclude>
    <ClInclude Include="Header Files\Systems\RenderingSystem\TiledRenderer.h">
      <Filter>Header Files\Systems\RenderingSystem</Filter>
    </ClInclude>
    <ClInclude Include="Header Files\Systems\RigidBodySystem.h">
      <Filter>Header Files\Systems</Filter>
    </ClInclude>
    <ClInclude Include="Header Files\Texture.h">
      <Filter>Header Files</Filter>
    </ClInclude>
    <ClInclude Include="Header Files\Transform.h">
      <Filter>Header Files</Filter>
    </ClInclude>
    <ClInclude Include="Header Files\Window.h">
      <Filter>Header Files</Filter>
    </ClInclude>
    <ClInclude Include="Header Files\XMLReaderTest.h">
      <Filter>Header Files</Filter>
    </ClInclude>
    <ClInclude Include="Header Files\temp.h">
      <Filter>Header Files</Filter>
    </ClInclude>
  </ItemGroup>
  <ItemGroup>
    <ClCompile Include="Source Files\Assets\Asset.cpp">
      <Filter>Source Files\Assets</Filter>
    </ClCompile>
    <ClCompile Include="Source Files\Assets\AssetArray.cpp">
      <Filter>Source Files\Assets</Filter>
    </ClCompile>
    <ClCompile Include="Source Files\Assets\AssetManager.cpp">
      <Filter>Source Files\Assets</Filter>
    </ClCompile>
    <ClCompile Include="Source Files\Assets\ShaderManager.cpp">
      <Filter>Source Files\Assets</Filter>
    </ClCompile>
    <ClCompile Include="Source Files\Behaviour.cpp">
      <Filter>Source Files</Filter>
    </ClCompile>
    <ClCompile Include="Source Files\Camera.cpp">
      <Filter>Source Files</Filter>
    </ClCompile>
    <ClCompile Include="Source Files\DeferedRendererFragmentBuffer.cpp">
      <Filter>Source Files</Filter>
    </ClCompile>
    <ClCompile Include="Source Files\DisplacementMap.cpp">
      <Filter>Source Files</Filter>
    </ClCompile>
    <ClCompile Include="Source Files\Editor\EditorUI.cpp">
      <Filter>Source Files\Editor</Filter>
    </ClCompile>
    <ClCompile Include="Source Files\Editor\Scene.cpp">
      <Filter>Source Files\Editor</Filter>
    </ClCompile>
    <ClCompile Include="Source Files\EngineMathConstants.cpp">
      <Filter>Source Files</Filter>
    </ClCompile>
    <ClCompile Include="Source Files\FrameBuffer.cpp">
      <Filter>Source Files</Filter>
    </ClCompile>
    <ClCompile Include="Source Files\Input.cpp">
      <Filter>Source Files</Filter>
    </ClCompile>
    <ClCompile Include="Source Files\Lights.cpp">
      <Filter>Source Files</Filter>
    </ClCompile>
    <ClCompile Include="Source Files\Log\Log.cpp">
      <Filter>Source Files\Log</Filter>
    </ClCompile>
    <ClCompile Include="Source Files\Material.cpp">
      <Filter>Source Files</Filter>
    </ClCompile>
    <ClCompile Include="Source Files\Math\Quaternion.cpp">
      <Filter>Source Files\Math</Filter>
    </ClCompile>
    <ClCompile Include="Source Files\Math\Transform.cpp">
      <Filter>Source Files\Math</Filter>
    </ClCompile>
    <ClCompile Include="Source Files\Mesh.cpp">
      <Filter>Source Files</Filter>
    </ClCompile>
    <ClCompile Include="Source Files\MeshInstance.cpp">
      <Filter>Source Files</Filter>
    </ClCompile>
    <ClCompile Include="Source Files\Model.cpp">
      <Filter>Source Files</Filter>
    </ClCompile>
    <ClCompile Include="Source Files\Physics\Physics.cpp">
      <Filter>Source Files\Physics</Filter>
    </ClCompile>
    <ClCompile Include="Source Files\Physics\RigidBody3D.cpp">
      <Filter>Source Files\Physics</Filter>
    </ClCompile>
    <ClCompile Include="Source Files\Shader.cpp">
      <Filter>Source Files</Filter>
    </ClCompile>
    <ClCompile Include="Source Files\Source.cpp">
      <Filter>Source Files</Filter>
    </ClCompile>
    <ClCompile Include="Source Files\Systems\BehaviourSystem.cpp">
      <Filter>Source Files\Systems</Filter>
    </ClCompile>
    <ClCompile Include="Source Files\Systems\LightSystem.cpp">
      <Filter>Source Files\Systems</Filter>
    </ClCompile>
    <ClCompile Include="Source Files\Systems\RenderingSystem.cpp">
      <Filter>Source Files\Systems</Filter>
    </ClCompile>
    <ClCompile Include="Source Files\Systems\RenderingSystem\ShadowFBO.cpp">
      <Filter>Source Files\Systems\RenderingSystem</Filter>
    </ClCompile>
    <ClCompile Include="Source Files\Systems\RenderingSystem\TiledRenderer.cpp">
      <Filter>Source Files\Systems\RenderingSystem</Filter>
    </ClCompile>
    <ClCompile Include="Source Files\Systems\RigidBodySystem.cpp">
      <Filter>Source Files\Systems</Filter>
    </ClCompile>
    <ClCompile Include="Source Files\Texture.cpp">
      <Filter>Source Files</Filter>
    </ClCompile>
    <ClCompile Include="Source Files\Window.cpp">
      <Filter>Source Files</Filter>
    </ClCompile>
    <ClCompile Include="Source Files\XMLReader.cpp">
      <Filter>Source Files</Filter>
    </ClCompile>
    <ClCompile Include="Source Files\misc\StopWatch.cpp">
      <Filter>Source Files\misc</Filter>
    </ClCompile>
    <ClCompile Include="Source Files\stb_image.cpp">
      <Filter>Source Files</Filter>
    </ClCompile>
    <ClCompile Include="Source Files\temp.cpp">
      <Filter>Source Files</Filter>
    </ClCompile>
  </ItemGroup>
</Project>