<?xml version="1.0" encoding="utf-8"?>
<Project ToolsVersion="4.0" xmlns="http://schemas.microsoft.com/developer/msbuild/2003">
  <ItemGroup>
    <Filter Include="Header Files">
      <UniqueIdentifier>{21EB8090-0D4E-1035-B6D3-48EBA215DCB7}</UniqueIdentifier>
    </Filter>
    <Filter Include="Header Files\Assets">
      <UniqueIdentifier>{E34259A5-4FA4-36B3-D811-7D6544726D72}</UniqueIdentifier>
    </Filter>
    <Filter Include="Header Files\Components">
      <UniqueIdentifier>{96F9C353-0231-0CEB-0B3B-700E77F132E4}</UniqueIdentifier>
    </Filter>
    <Filter Include="Header Files\Components\Behaviour">
      <UniqueIdentifier>{8A0BA0A0-F679-F51F-3F63-B01FAB10EBBB}</UniqueIdentifier>
    </Filter>
    <Filter Include="Header Files\Components\Lighting">
      <UniqueIdentifier>{DBB562F5-C706-4E37-F06A-3CF9DC1AE1A0}</UniqueIdentifier>
    </Filter>
    <Filter Include="Header Files\Components\Physics">
      <UniqueIdentifier>{0833471B-7416-565B-7D19-8497E97B1CAC}</UniqueIdentifier>
    </Filter>
    <Filter Include="Header Files\Components\Rendering">
      <UniqueIdentifier>{633615BC-CFA4-6A3B-188E-253B843B60D7}</UniqueIdentifier>
    </Filter>
    <Filter Include="Header Files\Core">
      <UniqueIdentifier>{192C3F5D-8542-3DF3-CEB9-C8143A0F0E7B}</UniqueIdentifier>
    </Filter>
    <Filter Include="Header Files\Core\Editor">
      <UniqueIdentifier>{2FB3954D-1BD8-E4CD-4423-CA5D30A7E3EB}</UniqueIdentifier>
    </Filter>
    <Filter Include="Header Files\Core\Log">
      <UniqueIdentifier>{6AA8D402-D614-90FD-9F08-285B0B34B265}</UniqueIdentifier>
    </Filter>
    <Filter Include="Header Files\Math">
      <UniqueIdentifier>{9A6C445D-0683-42F3-4FFA-CD14BB4F137B}</UniqueIdentifier>
    </Filter>
    <Filter Include="Header Files\Misc">
      <UniqueIdentifier>{7C8E445D-E8A4-42F3-311C-CE149D71137B}</UniqueIdentifier>
    </Filter>
    <Filter Include="Header Files\Physics">
      <UniqueIdentifier>{937FF6B9-7F0E-8083-282D-947E149B9029}</UniqueIdentifier>
    </Filter>
    <Filter Include="Header Files\Physics\System">
      <UniqueIdentifier>{47CFFA67-B3DC-284E-3CC3-2439A8CFF404}</UniqueIdentifier>
    </Filter>
    <Filter Include="Header Files\Rendering">
      <UniqueIdentifier>{AED1C9C3-9ACB-F215-8338-89266FD15882}</UniqueIdentifier>
    </Filter>
    <Filter Include="Header Files\Rendering\System">
      <UniqueIdentifier>{02558FC7-6E6D-76F1-371A-068BA3F10A8B}</UniqueIdentifier>
    </Filter>
    <Filter Include="Header Files\Scripting">
      <UniqueIdentifier>{637D1DA0-4F77-46F2-38E4-DC02247DAC5E}</UniqueIdentifier>
    </Filter>
    <Filter Include="Source Files">
      <UniqueIdentifier>{E9C7FDCE-D52A-8D73-7EB0-C5296AF258F6}</UniqueIdentifier>
    </Filter>
    <Filter Include="Source Files\Assets">
      <UniqueIdentifier>{ABEEB466-1750-9274-A0BD-D8260C1EC933}</UniqueIdentifier>
    </Filter>
    <Filter Include="Source Files\Components">
      <UniqueIdentifier>{5E49206F-CA80-6806-D38A-CC293F418FFF}</UniqueIdentifier>
    </Filter>
    <Filter Include="Source Files\Core">
      <UniqueIdentifier>{E145AD0A-4D5C-ABA0-96D3-36C202297C28}</UniqueIdentifier>
    </Filter>
    <Filter Include="Source Files\Core\Editor">
      <UniqueIdentifier>{F7FB7BD4-E320-CB54-0C6C-B0E4F8EFC972}</UniqueIdentifier>
    </Filter>
    <Filter Include="Source Files\Log">
      <UniqueIdentifier>{3AAC1C27-26A5-3B79-4FD7-20FE3B2F1B85}</UniqueIdentifier>
    </Filter>
    <Filter Include="Source Files\Math">
      <UniqueIdentifier>{6286B20A-CE9C-B0A0-1714-3CC283698128}</UniqueIdentifier>
    </Filter>
    <Filter Include="Source Files\Physics">
      <UniqueIdentifier>{5BA4C7A6-4733-5170-F051-656BDCBF6116}</UniqueIdentifier>
    </Filter>
    <Filter Include="Source Files\Physics\System">
      <UniqueIdentifier>{0FC30975-7BD0-375B-04B7-334670C30312}</UniqueIdentifier>
    </Filter>
    <Filter Include="Source Files\Rendering">
      <UniqueIdentifier>{76487729-6242-A07B-4BAF-368C374806E8}</UniqueIdentifier>
    </Filter>
    <Filter Include="Source Files\Rendering\System">
      <UniqueIdentifier>{CA5A2A54-3673-117E-FF1F-A1176BF7A517}</UniqueIdentifier>
    </Filter>
    <Filter Include="Source Files\Rendering\System\BuiltInShaderPipelines">
      <UniqueIdentifier>{D05EC3F0-BC9D-6D6C-6520-4A9E513E23D7}</UniqueIdentifier>
    </Filter>
    <Filter Include="Source Files\Scripting">
      <UniqueIdentifier>{2BF4CA05-17EE-F357-005B-8A68ECF359C4}</UniqueIdentifier>
    </Filter>
    <Filter Include="Source Files\misc">
      <UniqueIdentifier>{6434C40A-D04A-C2A0-19C2-4DC285179328}</UniqueIdentifier>
    </Filter>
  </ItemGroup>
  <ItemGroup>
    <ClInclude Include="Header Files\Assets\Asset.h">
      <Filter>Header Files\Assets</Filter>
    </ClInclude>
    <ClInclude Include="Header Files\Assets\AssetArray.h">
      <Filter>Header Files\Assets</Filter>
    </ClInclude>
    <ClInclude Include="Header Files\Assets\AssetManager.h">
      <Filter>Header Files\Assets</Filter>
    </ClInclude>
    <ClInclude Include="Header Files\Assets\ShaderManager.h">
      <Filter>Header Files\Assets</Filter>
    </ClInclude>
    <ClInclude Include="Header Files\Components\Behaviour\Behaviour.h">
      <Filter>Header Files\Components\Behaviour</Filter>
    </ClInclude>
    <ClInclude Include="Header Files\Components\Behaviour\BehaviourComponent.h">
      <Filter>Header Files\Components\Behaviour</Filter>
    </ClInclude>
    <ClInclude Include="Header Files\Components\Components.h">
      <Filter>Header Files\Components</Filter>
    </ClInclude>
    <ClInclude Include="Header Files\Components\EntityDescriptor.h">
      <Filter>Header Files\Components</Filter>
    </ClInclude>
    <ClInclude Include="Header Files\Components\Lighting\Lights.h">
      <Filter>Header Files\Components\Lighting</Filter>
    </ClInclude>
    <ClInclude Include="Header Files\Components\Physics\RigidBody3D.h">
      <Filter>Header Files\Components\Physics</Filter>
    </ClInclude>
    <ClInclude Include="Header Files\Components\Rendering\Material.h">
      <Filter>Header Files\Components\Rendering</Filter>
    </ClInclude>
    <ClInclude Include="Header Files\Components\Rendering\Mesh.h">
      <Filter>Header Files\Components\Rendering</Filter>
    </ClInclude>
    <ClInclude Include="Header Files\Components\Rendering\Transform.h">
      <Filter>Header Files\Components\Rendering</Filter>
    </ClInclude>
    <ClInclude Include="Header Files\Core\Editor\EditorUI.h">
      <Filter>Header Files\Core\Editor</Filter>
    </ClInclude>
    <ClInclude Include="Header Files\Core\Editor\EntityDescriptionSystem.h">
      <Filter>Header Files\Core\Editor</Filter>
    </ClInclude>
    <ClInclude Include="Header Files\Core\Engine.h">
      <Filter>Header Files\Core</Filter>
    </ClInclude>
    <ClInclude Include="Header Files\Core\Input.h">
      <Filter>Header Files\Core</Filter>
    </ClInclude>
    <ClInclude Include="Header Files\Core\Log\Log.h">
      <Filter>Header Files\Core\Log</Filter>
    </ClInclude>
    <ClInclude Include="Header Files\Core\Scene.h">
      <Filter>Header Files\Core</Filter>
    </ClInclude>
    <ClInclude Include="Header Files\Core\Window.h">
      <Filter>Header Files\Core</Filter>
    </ClInclude>
    <ClInclude Include="Header Files\Math\EngineMath.h">
      <Filter>Header Files\Math</Filter>
    </ClInclude>
    <ClInclude Include="Header Files\Math\EngineMathConstants.h">
      <Filter>Header Files\Math</Filter>
    </ClInclude>
    <ClInclude Include="Header Files\Math\GlmMath.h">
      <Filter>Header Files\Math</Filter>
    </ClInclude>
    <ClInclude Include="Header Files\Math\Quaternion.h">
      <Filter>Header Files\Math</Filter>
    </ClInclude>
    <ClInclude Include="Header Files\Misc\StopWatch.h">
      <Filter>Header Files\Misc</Filter>
    </ClInclude>
    <ClInclude Include="Header Files\Misc\temp.h">
      <Filter>Header Files\Misc</Filter>
    </ClInclude>
    <ClInclude Include="Header Files\Physics\ColliderShape.h">
      <Filter>Header Files\Physics</Filter>
    </ClInclude>
    <ClInclude Include="Header Files\Physics\Physics.h">
      <Filter>Header Files\Physics</Filter>
    </ClInclude>
    <ClInclude Include="Header Files\Physics\System\RigidBodySystem.h">
      <Filter>Header Files\Physics\System</Filter>
    </ClInclude>
    <ClInclude Include="Header Files\Rendering\Camera.h">
      <Filter>Header Files\Rendering</Filter>
    </ClInclude>
    <ClInclude Include="Header Files\Rendering\DeferredRendererFragmentBuffer.h">
      <Filter>Header Files\Rendering</Filter>
    </ClInclude>
    <ClInclude Include="Header Files\Rendering\DepthFrameBuffer.h">
      <Filter>Header Files\Rendering</Filter>
    </ClInclude>
    <ClInclude Include="Header Files\Rendering\DisplacementMap.h">
      <Filter>Header Files\Rendering</Filter>
    </ClInclude>
    <ClInclude Include="Header Files\Rendering\FrameBuffer.h">
      <Filter>Header Files\Rendering</Filter>
    </ClInclude>
    <ClInclude Include="Header Files\Rendering\MeshInstance.h">
      <Filter>Header Files\Rendering</Filter>
    </ClInclude>
    <ClInclude Include="Header Files\Rendering\Model.h">
      <Filter>Header Files\Rendering</Filter>
    </ClInclude>
    <ClInclude Include="Header Files\Rendering\Shader.h">
      <Filter>Header Files\Rendering</Filter>
    </ClInclude>
    <ClInclude Include="Header Files\Rendering\System\DeferredPipeline.h">
      <Filter>Header Files\Rendering\System</Filter>
    </ClInclude>
    <ClInclude Include="Header Files\Rendering\System\LightSystem.h">
      <Filter>Header Files\Rendering\System</Filter>
    </ClInclude>
    <ClInclude Include="Header Files\Rendering\System\PSSMFBO.h">
      <Filter>Header Files\Rendering\System</Filter>
    </ClInclude>
    <ClInclude Include="Header Files\Rendering\System\RenderingSystem.h">
      <Filter>Header Files\Rendering\System</Filter>
    </ClInclude>
    <ClInclude Include="Header Files\Rendering\System\SceneTransformManager.h">
      <Filter>Header Files\Rendering\System</Filter>
    </ClInclude>
    <ClInclude Include="Header Files\Rendering\System\ShaderRenderPipeline.h">
      <Filter>Header Files\Rendering\System</Filter>
    </ClInclude>
    <ClInclude Include="Header Files\Rendering\System\ShadowFBO.h">
      <Filter>Header Files\Rendering\System</Filter>
    </ClInclude>
    <ClInclude Include="Header Files\Rendering\System\TiledRenderer.h">
      <Filter>Header Files\Rendering\System</Filter>
    </ClInclude>
    <ClInclude Include="Header Files\Rendering\Texture.h">
      <Filter>Header Files\Rendering</Filter>
    </ClInclude>
    <ClInclude Include="Header Files\Scripting\BehaviourSystem.h">
      <Filter>Header Files\Scripting</Filter>
    </ClInclude>
    <ClInclude Include="Header Files\Core\Debug\Debug.h" />
    <ClInclude Include="Header Files\Rendering\System\DefaultRenderingPipeline.h" />
  </ItemGroup>
  <ItemGroup>
    <ClCompile Include="Source Files\Assets\Asset.cpp">
      <Filter>Source Files\Assets</Filter>
    </ClCompile>
    <ClCompile Include="Source Files\Assets\AssetArray.cpp">
      <Filter>Source Files\Assets</Filter>
    </ClCompile>
    <ClCompile Include="Source Files\Assets\AssetManager.cpp">
      <Filter>Source Files\Assets</Filter>
    </ClCompile>
    <ClCompile Include="Source Files\Assets\ShaderManager.cpp">
      <Filter>Source Files\Assets</Filter>
    </ClCompile>
    <ClCompile Include="Source Files\Components\Behaviour.cpp">
      <Filter>Source Files\Components</Filter>
    </ClCompile>
    <ClCompile Include="Source Files\Components\Components.cpp">
      <Filter>Source Files\Components</Filter>
    </ClCompile>
    <ClCompile Include="Source Files\Components\EntityDescriptor.cpp">
      <Filter>Source Files\Components</Filter>
    </ClCompile>
    <ClCompile Include="Source Files\Components\Lights.cpp">
      <Filter>Source Files\Components</Filter>
    </ClCompile>
    <ClCompile Include="Source Files\Components\Material.cpp">
      <Filter>Source Files\Components</Filter>
    </ClCompile>
    <ClCompile Include="Source Files\Components\Mesh.cpp">
      <Filter>Source Files\Components</Filter>
    </ClCompile>
    <ClCompile Include="Source Files\Core\Editor\EditorUI.cpp">
      <Filter>Source Files\Core\Editor</Filter>
    </ClCompile>
    <ClCompile Include="Source Files\Core\Editor\EntityDescriptionSystem.cpp">
      <Filter>Source Files\Core\Editor</Filter>
    </ClCompile>
    <ClCompile Include="Source Files\Core\Input.cpp">
      <Filter>Source Files\Core</Filter>
    </ClCompile>
    <ClCompile Include="Source Files\Core\Scene.cpp">
      <Filter>Source Files\Core</Filter>
    </ClCompile>
    <ClCompile Include="Source Files\Core\Window.cpp">
      <Filter>Source Files\Core</Filter>
    </ClCompile>
    <ClCompile Include="Source Files\Log\Log.cpp">
      <Filter>Source Files\Log</Filter>
    </ClCompile>
    <ClCompile Include="Source Files\Math\EngineMathConstants.cpp">
      <Filter>Source Files\Math</Filter>
    </ClCompile>
    <ClCompile Include="Source Files\Math\Quaternion.cpp">
      <Filter>Source Files\Math</Filter>
    </ClCompile>
    <ClCompile Include="Source Files\Math\Transform.cpp">
      <Filter>Source Files\Math</Filter>
    </ClCompile>
    <ClCompile Include="Source Files\Physics\Physics.cpp">
      <Filter>Source Files\Physics</Filter>
    </ClCompile>
    <ClCompile Include="Source Files\Physics\RigidBody3D.cpp">
      <Filter>Source Files\Physics</Filter>
    </ClCompile>
    <ClCompile Include="Source Files\Physics\System\RigidBodySystem.cpp">
      <Filter>Source Files\Physics\System</Filter>
    </ClCompile>
    <ClCompile Include="Source Files\Rendering\Camera.cpp">
      <Filter>Source Files\Rendering</Filter>
    </ClCompile>
    <ClCompile Include="Source Files\Rendering\DeferedRendererFragmentBuffer.cpp">
      <Filter>Source Files\Rendering</Filter>
    </ClCompile>
    <ClCompile Include="Source Files\Rendering\DisplacementMap.cpp">
      <Filter>Source Files\Rendering</Filter>
    </ClCompile>
    <ClCompile Include="Source Files\Rendering\FrameBuffer.cpp">
      <Filter>Source Files\Rendering</Filter>
    </ClCompile>
    <ClCompile Include="Source Files\Rendering\MeshInstance.cpp">
      <Filter>Source Files\Rendering</Filter>
    </ClCompile>
    <ClCompile Include="Source Files\Rendering\Model.cpp">
      <Filter>Source Files\Rendering</Filter>
    </ClCompile>
    <ClCompile Include="Source Files\Rendering\Shader.cpp">
      <Filter>Source Files\Rendering</Filter>
    </ClCompile>
    <ClCompile Include="Source Files\Rendering\System\BuiltInShaderPipelines\DeferredPipeline.cpp">
      <Filter>Source Files\Rendering\System\BuiltInShaderPipelines</Filter>
    </ClCompile>
    <ClCompile Include="Source Files\Rendering\System\DepthFrameBuffer.cpp">
      <Filter>Source Files\Rendering\System</Filter>
    </ClCompile>
    <ClCompile Include="Source Files\Rendering\System\LightSystem.cpp">
      <Filter>Source Files\Rendering\System</Filter>
    </ClCompile>
    <ClCompile Include="Source Files\Rendering\System\PSSMFBO.cpp">
      <Filter>Source Files\Rendering\System</Filter>
    </ClCompile>
    <ClCompile Include="Source Files\Rendering\System\RenderingSystem.cpp">
      <Filter>Source Files\Rendering\System</Filter>
    </ClCompile>
    <ClCompile Include="Source Files\Rendering\System\ShaderRenderPipeline.cpp">
      <Filter>Source Files\Rendering\System</Filter>
    </ClCompile>
    <ClCompile Include="Source Files\Rendering\System\ShadowFBO.cpp">
      <Filter>Source Files\Rendering\System</Filter>
    </ClCompile>
    <ClCompile Include="Source Files\Rendering\System\TiledRenderer.cpp">
      <Filter>Source Files\Rendering\System</Filter>
    </ClCompile>
    <ClCompile Include="Source Files\Rendering\Texture.cpp">
      <Filter>Source Files\Rendering</Filter>
    </ClCompile>
    <ClCompile Include="Source Files\Scripting\BehaviourSystem.cpp">
      <Filter>Source Files\Scripting</Filter>
    </ClCompile>
    <ClCompile Include="Source Files\misc\StopWatch.cpp">
      <Filter>Source Files\misc</Filter>
    </ClCompile>
    <ClCompile Include="Source Files\misc\temp.cpp">
      <Filter>Source Files\misc</Filter>
    </ClCompile>
    <ClCompile Include="Source Files\stb_image.cpp">
      <Filter>Source Files</Filter>
    </ClCompile>
    <ClCompile Include="Source Files\Core\Debug\Debug.cpp" />
    <ClCompile Include="Source Files\Rendering\System\BuiltInShaderPipelines\DefaultRenderingPipeline.cpp" />
  </ItemGroup>
</Project>